// !$*UTF8*$!
{
	archiveVersion = 1;
	classes = {
	};
	objectVersion = 52;
	objects = {

/* Begin PBXBuildFile section */
		BC2A4B51255C271A00DCA879 /* ComponentViewImpl.swift in Sources */ = {isa = PBXBuildFile; fileRef = BC2A4B50255C271A00DCA879 /* ComponentViewImpl.swift */; };
		BC85251F25768F2C008D5A6A /* TestUI.swift in Sources */ = {isa = PBXBuildFile; fileRef = BC85251E25768F2C008D5A6A /* TestUI.swift */; };
		BC907EB42553EBE100BA3B18 /* ViewInjectorImpl.swift in Sources */ = {isa = PBXBuildFile; fileRef = BC907EB32553EBE100BA3B18 /* ViewInjectorImpl.swift */; };
		BCA86B6B25753CAD00B63ADC /* StackViewImpl.swift in Sources */ = {isa = PBXBuildFile; fileRef = BCA86B6A25753CAD00B63ADC /* StackViewImpl.swift */; };
		BCA86B6D257543A000B63ADC /* SplashViewImpl.swift in Sources */ = {isa = PBXBuildFile; fileRef = BCA86B6C257543A000B63ADC /* SplashViewImpl.swift */; };
		BCA86B732575491B00B63ADC /* AuDessusViewImpl.swift in Sources */ = {isa = PBXBuildFile; fileRef = BCA86B722575491B00B63ADC /* AuDessusViewImpl.swift */; };
		BCA86B7525754A3800B63ADC /* DialogsViewImpl.swift in Sources */ = {isa = PBXBuildFile; fileRef = BCA86B7425754A3800B63ADC /* DialogsViewImpl.swift */; };
		BCA86B7725754AD500B63ADC /* AlertViewImpl.swift in Sources */ = {isa = PBXBuildFile; fileRef = BCA86B7625754AD500B63ADC /* AlertViewImpl.swift */; };
		BCA86B792575505700B63ADC /* SnackBarViewImpl.swift in Sources */ = {isa = PBXBuildFile; fileRef = BCA86B782575505700B63ADC /* SnackBarViewImpl.swift */; };
		BCA86B7B2575515C00B63ADC /* TabViewImpl.swift in Sources */ = {isa = PBXBuildFile; fileRef = BCA86B7A2575515C00B63ADC /* TabViewImpl.swift */; };
		BCA86B81257553D500B63ADC /* NavigationViewImpl.swift in Sources */ = {isa = PBXBuildFile; fileRef = BCA86B80257553D500B63ADC /* NavigationViewImpl.swift */; };
		BCA86B832575565800B63ADC /* MainViewImpl.swift in Sources */ = {isa = PBXBuildFile; fileRef = BCA86B822575565800B63ADC /* MainViewImpl.swift */; };
		BCB2003B2594E3DF00DDDA13 /* PagerViewImpl.swift in Sources */ = {isa = PBXBuildFile; fileRef = BCB2003A2594E3DF00DDDA13 /* PagerViewImpl.swift */; };
		BCB2003D2594E7F000DDDA13 /* PagerExampleViewImpl.swift in Sources */ = {isa = PBXBuildFile; fileRef = BCB2003C2594E7F000DDDA13 /* PagerExampleViewImpl.swift */; };
		BCDF36AA255322BF00C842C5 /* iosAppApp.swift in Sources */ = {isa = PBXBuildFile; fileRef = BCDF36A9255322BF00C842C5 /* iosAppApp.swift */; };
		BCDF36AC255322BF00C842C5 /* ContentView.swift in Sources */ = {isa = PBXBuildFile; fileRef = BCDF36AB255322BF00C842C5 /* ContentView.swift */; };
		BCDF36AE255322C000C842C5 /* Assets.xcassets in Resources */ = {isa = PBXBuildFile; fileRef = BCDF36AD255322C000C842C5 /* Assets.xcassets */; };
		BCDF36B1255322C000C842C5 /* Preview Assets.xcassets in Resources */ = {isa = PBXBuildFile; fileRef = BCDF36B0255322C000C842C5 /* Preview Assets.xcassets */; };
		BCE07E782592296000924DC5 /* RootStackViewImpl.swift in Sources */ = {isa = PBXBuildFile; fileRef = BCE07E772592296000924DC5 /* RootStackViewImpl.swift */; };
		BCE07E7C25922CB200924DC5 /* shared.xcframework in Frameworks */ = {isa = PBXBuildFile; fileRef = BCE07E7B25922CB200924DC5 /* shared.xcframework */; };
		BCE07E7D25922CB200924DC5 /* shared.xcframework in Embed Frameworks */ = {isa = PBXBuildFile; fileRef = BCE07E7B25922CB200924DC5 /* shared.xcframework */; settings = {ATTRIBUTES = (CodeSignOnCopy, RemoveHeadersOnCopy, ); }; };
		BCE07E7F2592397B00924DC5 /* BottomSheetViewImpl.swift in Sources */ = {isa = PBXBuildFile; fileRef = BCE07E7E2592397B00924DC5 /* BottomSheetViewImpl.swift */; };
		BCE07E8125923D3D00924DC5 /* BottomSheetExampleViewImpl.swift in Sources */ = {isa = PBXBuildFile; fileRef = BCE07E8025923D3D00924DC5 /* BottomSheetExampleViewImpl.swift */; };
		BCE07E8325923D9700924DC5 /* ScreenViewImpl.swift in Sources */ = {isa = PBXBuildFile; fileRef = BCE07E8225923D9700924DC5 /* ScreenViewImpl.swift */; };
		BCE07E8525923F8500924DC5 /* NavigationInAStackViewImpl.swift in Sources */ = {isa = PBXBuildFile; fileRef = BCE07E8425923F8500924DC5 /* NavigationInAStackViewImpl.swift */; };
		BCE07E87259241AC00924DC5 /* AScreenInAStackViewImpl.swift in Sources */ = {isa = PBXBuildFile; fileRef = BCE07E86259241AC00924DC5 /* AScreenInAStackViewImpl.swift */; };
		BCE07E892592575800924DC5 /* Injector.swift in Sources */ = {isa = PBXBuildFile; fileRef = BCE07E882592575800924DC5 /* Injector.swift */; };
/* End PBXBuildFile section */

/* Begin PBXCopyFilesBuildPhase section */
		BC907EAE2553E48D00BA3B18 /* Embed Frameworks */ = {
			isa = PBXCopyFilesBuildPhase;
			buildActionMask = 2147483647;
			dstPath = "";
			dstSubfolderSpec = 10;
			files = (
				BCE07E7D25922CB200924DC5 /* shared.xcframework in Embed Frameworks */,
			);
			name = "Embed Frameworks";
			runOnlyForDeploymentPostprocessing = 0;
		};
/* End PBXCopyFilesBuildPhase section */

/* Begin PBXFileReference section */
		BC2A4B50255C271A00DCA879 /* ComponentViewImpl.swift */ = {isa = PBXFileReference; lastKnownFileType = sourcecode.swift; path = ComponentViewImpl.swift; sourceTree = "<group>"; };
		BC85251E25768F2C008D5A6A /* TestUI.swift */ = {isa = PBXFileReference; lastKnownFileType = sourcecode.swift; path = TestUI.swift; sourceTree = "<group>"; };
		BC907EB32553EBE100BA3B18 /* ViewInjectorImpl.swift */ = {isa = PBXFileReference; lastKnownFileType = sourcecode.swift; path = ViewInjectorImpl.swift; sourceTree = "<group>"; };
		BCA86B6A25753CAD00B63ADC /* StackViewImpl.swift */ = {isa = PBXFileReference; lastKnownFileType = sourcecode.swift; path = StackViewImpl.swift; sourceTree = "<group>"; };
		BCA86B6C257543A000B63ADC /* SplashViewImpl.swift */ = {isa = PBXFileReference; lastKnownFileType = sourcecode.swift; path = SplashViewImpl.swift; sourceTree = "<group>"; };
		BCA86B722575491B00B63ADC /* AuDessusViewImpl.swift */ = {isa = PBXFileReference; lastKnownFileType = sourcecode.swift; path = AuDessusViewImpl.swift; sourceTree = "<group>"; };
		BCA86B7425754A3800B63ADC /* DialogsViewImpl.swift */ = {isa = PBXFileReference; lastKnownFileType = sourcecode.swift; path = DialogsViewImpl.swift; sourceTree = "<group>"; };
		BCA86B7625754AD500B63ADC /* AlertViewImpl.swift */ = {isa = PBXFileReference; lastKnownFileType = sourcecode.swift; path = AlertViewImpl.swift; sourceTree = "<group>"; };
		BCA86B782575505700B63ADC /* SnackBarViewImpl.swift */ = {isa = PBXFileReference; lastKnownFileType = sourcecode.swift; path = SnackBarViewImpl.swift; sourceTree = "<group>"; };
		BCA86B7A2575515C00B63ADC /* TabViewImpl.swift */ = {isa = PBXFileReference; lastKnownFileType = sourcecode.swift; path = TabViewImpl.swift; sourceTree = "<group>"; };
		BCA86B80257553D500B63ADC /* NavigationViewImpl.swift */ = {isa = PBXFileReference; lastKnownFileType = sourcecode.swift; path = NavigationViewImpl.swift; sourceTree = "<group>"; };
		BCA86B822575565800B63ADC /* MainViewImpl.swift */ = {isa = PBXFileReference; lastKnownFileType = sourcecode.swift; path = MainViewImpl.swift; sourceTree = "<group>"; };
		BCB2003A2594E3DF00DDDA13 /* PagerViewImpl.swift */ = {isa = PBXFileReference; lastKnownFileType = sourcecode.swift; path = PagerViewImpl.swift; sourceTree = "<group>"; };
		BCB2003C2594E7F000DDDA13 /* PagerExampleViewImpl.swift */ = {isa = PBXFileReference; lastKnownFileType = sourcecode.swift; path = PagerExampleViewImpl.swift; sourceTree = "<group>"; };
		BCDF36A6255322BF00C842C5 /* iosApp.app */ = {isa = PBXFileReference; explicitFileType = wrapper.application; includeInIndex = 0; path = iosApp.app; sourceTree = BUILT_PRODUCTS_DIR; };
		BCDF36A9255322BF00C842C5 /* iosAppApp.swift */ = {isa = PBXFileReference; lastKnownFileType = sourcecode.swift; path = iosAppApp.swift; sourceTree = "<group>"; };
		BCDF36AB255322BF00C842C5 /* ContentView.swift */ = {isa = PBXFileReference; lastKnownFileType = sourcecode.swift; path = ContentView.swift; sourceTree = "<group>"; };
		BCDF36AD255322C000C842C5 /* Assets.xcassets */ = {isa = PBXFileReference; lastKnownFileType = folder.assetcatalog; path = Assets.xcassets; sourceTree = "<group>"; };
		BCDF36B0255322C000C842C5 /* Preview Assets.xcassets */ = {isa = PBXFileReference; lastKnownFileType = folder.assetcatalog; path = "Preview Assets.xcassets"; sourceTree = "<group>"; };
		BCDF36B2255322C000C842C5 /* Info.plist */ = {isa = PBXFileReference; lastKnownFileType = text.plist.xml; path = Info.plist; sourceTree = "<group>"; };
		BCE07E772592296000924DC5 /* RootStackViewImpl.swift */ = {isa = PBXFileReference; lastKnownFileType = sourcecode.swift; path = RootStackViewImpl.swift; sourceTree = "<group>"; };
		BCE07E7B25922CB200924DC5 /* shared.xcframework */ = {isa = PBXFileReference; lastKnownFileType = wrapper.xcframework; name = shared.xcframework; path = ../shared/build/framework/debug/shared.xcframework; sourceTree = "<group>"; };
		BCE07E7E2592397B00924DC5 /* BottomSheetViewImpl.swift */ = {isa = PBXFileReference; lastKnownFileType = sourcecode.swift; path = BottomSheetViewImpl.swift; sourceTree = "<group>"; };
		BCE07E8025923D3D00924DC5 /* BottomSheetExampleViewImpl.swift */ = {isa = PBXFileReference; lastKnownFileType = sourcecode.swift; path = BottomSheetExampleViewImpl.swift; sourceTree = "<group>"; };
		BCE07E8225923D9700924DC5 /* ScreenViewImpl.swift */ = {isa = PBXFileReference; lastKnownFileType = sourcecode.swift; path = ScreenViewImpl.swift; sourceTree = "<group>"; };
		BCE07E8425923F8500924DC5 /* NavigationInAStackViewImpl.swift */ = {isa = PBXFileReference; lastKnownFileType = sourcecode.swift; path = NavigationInAStackViewImpl.swift; sourceTree = "<group>"; };
		BCE07E86259241AC00924DC5 /* AScreenInAStackViewImpl.swift */ = {isa = PBXFileReference; lastKnownFileType = sourcecode.swift; path = AScreenInAStackViewImpl.swift; sourceTree = "<group>"; };
		BCE07E882592575800924DC5 /* Injector.swift */ = {isa = PBXFileReference; lastKnownFileType = sourcecode.swift; path = Injector.swift; sourceTree = "<group>"; };
/* End PBXFileReference section */

/* Begin PBXFrameworksBuildPhase section */
		BCDF36A3255322BF00C842C5 /* Frameworks */ = {
			isa = PBXFrameworksBuildPhase;
			buildActionMask = 2147483647;
			files = (
				BCE07E7C25922CB200924DC5 /* shared.xcframework in Frameworks */,
			);
			runOnlyForDeploymentPostprocessing = 0;
		};
/* End PBXFrameworksBuildPhase section */

/* Begin PBXGroup section */
		BC907EAA2553E48D00BA3B18 /* Frameworks */ = {
			isa = PBXGroup;
			children = (
				BCE07E7B25922CB200924DC5 /* shared.xcframework */,
			);
			name = Frameworks;
			sourceTree = "<group>";
		};
		BCA86B6925753C5300B63ADC /* components */ = {
			isa = PBXGroup;
			children = (
				BCA86B7A2575515C00B63ADC /* TabViewImpl.swift */,
			);
			path = components;
			sourceTree = "<group>";
		};
		BCDF369D255322BF00C842C5 = {
			isa = PBXGroup;
			children = (
				BCDF36A8255322BF00C842C5 /* iosApp */,
				BCDF36A7255322BF00C842C5 /* Products */,
				BC907EAA2553E48D00BA3B18 /* Frameworks */,
			);
			sourceTree = "<group>";
		};
		BCDF36A7255322BF00C842C5 /* Products */ = {
			isa = PBXGroup;
			children = (
				BCDF36A6255322BF00C842C5 /* iosApp.app */,
			);
			name = Products;
			sourceTree = "<group>";
		};
		BCDF36A8255322BF00C842C5 /* iosApp */ = {
			isa = PBXGroup;
			children = (
				BCE07E742591F3C400924DC5 /* core */,
				BCA86B6925753C5300B63ADC /* components */,
				BCFCCC44255828DB00E29E5C /* screens */,
				BCDF36A9255322BF00C842C5 /* iosAppApp.swift */,
				BCDF36AB255322BF00C842C5 /* ContentView.swift */,
				BCDF36AD255322C000C842C5 /* Assets.xcassets */,
				BCDF36B2255322C000C842C5 /* Info.plist */,
				BCDF36AF255322C000C842C5 /* Preview Content */,
				BC907EB32553EBE100BA3B18 /* ViewInjectorImpl.swift */,
				BC85251E25768F2C008D5A6A /* TestUI.swift */,
			);
			path = iosApp;
			sourceTree = "<group>";
		};
		BCDF36AF255322C000C842C5 /* Preview Content */ = {
			isa = PBXGroup;
			children = (
				BCDF36B0255322C000C842C5 /* Preview Assets.xcassets */,
			);
			path = "Preview Content";
			sourceTree = "<group>";
		};
		BCE07E742591F3C400924DC5 /* core */ = {
			isa = PBXGroup;
			children = (
				BCE07E752592292200924DC5 /* components */,
				BCE07E882592575800924DC5 /* Injector.swift */,
			);
			path = core;
			sourceTree = "<group>";
		};
		BCE07E752592292200924DC5 /* components */ = {
			isa = PBXGroup;
			children = (
				BCA86B6A25753CAD00B63ADC /* StackViewImpl.swift */,
				BC2A4B50255C271A00DCA879 /* ComponentViewImpl.swift */,
				BCE07E762592293100924DC5 /* presented */,
				BCE07E772592296000924DC5 /* RootStackViewImpl.swift */,
				BCE07E8225923D9700924DC5 /* ScreenViewImpl.swift */,
				BCB2003A2594E3DF00DDDA13 /* PagerViewImpl.swift */,
			);
			path = components;
			sourceTree = "<group>";
		};
		BCE07E762592293100924DC5 /* presented */ = {
			isa = PBXGroup;
			children = (
				BCA86B7625754AD500B63ADC /* AlertViewImpl.swift */,
				BCA86B782575505700B63ADC /* SnackBarViewImpl.swift */,
				BCE07E7E2592397B00924DC5 /* BottomSheetViewImpl.swift */,
			);
			path = presented;
			sourceTree = "<group>";
		};
		BCFCCC44255828DB00E29E5C /* screens */ = {
			isa = PBXGroup;
			children = (
				BCA86B6C257543A000B63ADC /* SplashViewImpl.swift */,
				BCA86B722575491B00B63ADC /* AuDessusViewImpl.swift */,
				BCA86B7425754A3800B63ADC /* DialogsViewImpl.swift */,
				BCA86B80257553D500B63ADC /* NavigationViewImpl.swift */,
				BCA86B822575565800B63ADC /* MainViewImpl.swift */,
				BCE07E8025923D3D00924DC5 /* BottomSheetExampleViewImpl.swift */,
				BCE07E8425923F8500924DC5 /* NavigationInAStackViewImpl.swift */,
				BCE07E86259241AC00924DC5 /* AScreenInAStackViewImpl.swift */,
				BCB2003C2594E7F000DDDA13 /* PagerExampleViewImpl.swift */,
			);
			path = screens;
			sourceTree = "<group>";
		};
/* End PBXGroup section */

/* Begin PBXNativeTarget section */
		BCDF36A5255322BF00C842C5 /* iosApp */ = {
			isa = PBXNativeTarget;
			buildConfigurationList = BCDF36B5255322C000C842C5 /* Build configuration list for PBXNativeTarget "iosApp" */;
			buildPhases = (
				BCDF36A2255322BF00C842C5 /* Sources */,
				BCDF36A3255322BF00C842C5 /* Frameworks */,
				BCDF36A4255322BF00C842C5 /* Resources */,
				BC907EAE2553E48D00BA3B18 /* Embed Frameworks */,
			);
			buildRules = (
			);
			dependencies = (
			);
			name = iosApp;
			productName = iosApp;
			productReference = BCDF36A6255322BF00C842C5 /* iosApp.app */;
			productType = "com.apple.product-type.application";
		};
/* End PBXNativeTarget section */

/* Begin PBXProject section */
		BCDF369E255322BF00C842C5 /* Project object */ = {
			isa = PBXProject;
			attributes = {
				LastSwiftUpdateCheck = 1210;
				LastUpgradeCheck = 1210;
				TargetAttributes = {
					BCDF36A5255322BF00C842C5 = {
						CreatedOnToolsVersion = 12.1;
					};
				};
			};
			buildConfigurationList = BCDF36A1255322BF00C842C5 /* Build configuration list for PBXProject "iosApp" */;
			compatibilityVersion = "Xcode 9.3";
			developmentRegion = en;
			hasScannedForEncodings = 0;
			knownRegions = (
				en,
				Base,
			);
			mainGroup = BCDF369D255322BF00C842C5;
			productRefGroup = BCDF36A7255322BF00C842C5 /* Products */;
			projectDirPath = "";
			projectRoot = "";
			targets = (
				BCDF36A5255322BF00C842C5 /* iosApp */,
			);
		};
/* End PBXProject section */

/* Begin PBXResourcesBuildPhase section */
		BCDF36A4255322BF00C842C5 /* Resources */ = {
			isa = PBXResourcesBuildPhase;
			buildActionMask = 2147483647;
			files = (
				BCDF36B1255322C000C842C5 /* Preview Assets.xcassets in Resources */,
				BCDF36AE255322C000C842C5 /* Assets.xcassets in Resources */,
			);
			runOnlyForDeploymentPostprocessing = 0;
		};
/* End PBXResourcesBuildPhase section */

/* Begin PBXSourcesBuildPhase section */
		BCDF36A2255322BF00C842C5 /* Sources */ = {
			isa = PBXSourcesBuildPhase;
			buildActionMask = 2147483647;
			files = (
				BCA86B7525754A3800B63ADC /* DialogsViewImpl.swift in Sources */,
				BCE07E8325923D9700924DC5 /* ScreenViewImpl.swift in Sources */,
				BCA86B732575491B00B63ADC /* AuDessusViewImpl.swift in Sources */,
				BCA86B7725754AD500B63ADC /* AlertViewImpl.swift in Sources */,
				BCA86B6D257543A000B63ADC /* SplashViewImpl.swift in Sources */,
				BCA86B832575565800B63ADC /* MainViewImpl.swift in Sources */,
				BCE07E8525923F8500924DC5 /* NavigationInAStackViewImpl.swift in Sources */,
				BCE07E7F2592397B00924DC5 /* BottomSheetViewImpl.swift in Sources */,
				BC85251F25768F2C008D5A6A /* TestUI.swift in Sources */,
				BCA86B792575505700B63ADC /* SnackBarViewImpl.swift in Sources */,
				BCA86B81257553D500B63ADC /* NavigationViewImpl.swift in Sources */,
				BCE07E8125923D3D00924DC5 /* BottomSheetExampleViewImpl.swift in Sources */,
				BC907EB42553EBE100BA3B18 /* ViewInjectorImpl.swift in Sources */,
				BCA86B6B25753CAD00B63ADC /* StackViewImpl.swift in Sources */,
				BCB2003B2594E3DF00DDDA13 /* PagerViewImpl.swift in Sources */,
				BCE07E782592296000924DC5 /* RootStackViewImpl.swift in Sources */,
				BCB2003D2594E7F000DDDA13 /* PagerExampleViewImpl.swift in Sources */,
				BC2A4B51255C271A00DCA879 /* ComponentViewImpl.swift in Sources */,
				BCE07E87259241AC00924DC5 /* AScreenInAStackViewImpl.swift in Sources */,
				BCDF36AC255322BF00C842C5 /* ContentView.swift in Sources */,
				BCDF36AA255322BF00C842C5 /* iosAppApp.swift in Sources */,
				BCE07E892592575800924DC5 /* Injector.swift in Sources */,
				BCA86B7B2575515C00B63ADC /* TabViewImpl.swift in Sources */,
			);
			runOnlyForDeploymentPostprocessing = 0;
		};
/* End PBXSourcesBuildPhase section */

/* Begin XCBuildConfiguration section */
		BCDF36B3255322C000C842C5 /* Debug */ = {
			isa = XCBuildConfiguration;
			buildSettings = {
				ALWAYS_SEARCH_USER_PATHS = NO;
				CLANG_ANALYZER_NONNULL = YES;
				CLANG_ANALYZER_NUMBER_OBJECT_CONVERSION = YES_AGGRESSIVE;
				CLANG_CXX_LANGUAGE_STANDARD = "gnu++14";
				CLANG_CXX_LIBRARY = "libc++";
				CLANG_ENABLE_MODULES = YES;
				CLANG_ENABLE_OBJC_ARC = YES;
				CLANG_ENABLE_OBJC_WEAK = YES;
				CLANG_WARN_BLOCK_CAPTURE_AUTORELEASING = YES;
				CLANG_WARN_BOOL_CONVERSION = YES;
				CLANG_WARN_COMMA = YES;
				CLANG_WARN_CONSTANT_CONVERSION = YES;
				CLANG_WARN_DEPRECATED_OBJC_IMPLEMENTATIONS = YES;
				CLANG_WARN_DIRECT_OBJC_ISA_USAGE = YES_ERROR;
				CLANG_WARN_DOCUMENTATION_COMMENTS = YES;
				CLANG_WARN_EMPTY_BODY = YES;
				CLANG_WARN_ENUM_CONVERSION = YES;
				CLANG_WARN_INFINITE_RECURSION = YES;
				CLANG_WARN_INT_CONVERSION = YES;
				CLANG_WARN_NON_LITERAL_NULL_CONVERSION = YES;
				CLANG_WARN_OBJC_IMPLICIT_RETAIN_SELF = YES;
				CLANG_WARN_OBJC_LITERAL_CONVERSION = YES;
				CLANG_WARN_OBJC_ROOT_CLASS = YES_ERROR;
				CLANG_WARN_QUOTED_INCLUDE_IN_FRAMEWORK_HEADER = YES;
				CLANG_WARN_RANGE_LOOP_ANALYSIS = YES;
				CLANG_WARN_STRICT_PROTOTYPES = YES;
				CLANG_WARN_SUSPICIOUS_MOVE = YES;
				CLANG_WARN_UNGUARDED_AVAILABILITY = YES_AGGRESSIVE;
				CLANG_WARN_UNREACHABLE_CODE = YES;
				CLANG_WARN__DUPLICATE_METHOD_MATCH = YES;
				COPY_PHASE_STRIP = NO;
				DEBUG_INFORMATION_FORMAT = dwarf;
				ENABLE_STRICT_OBJC_MSGSEND = YES;
				ENABLE_TESTABILITY = YES;
				GCC_C_LANGUAGE_STANDARD = gnu11;
				GCC_DYNAMIC_NO_PIC = NO;
				GCC_NO_COMMON_BLOCKS = YES;
				GCC_OPTIMIZATION_LEVEL = 0;
				GCC_PREPROCESSOR_DEFINITIONS = (
					"DEBUG=1",
					"$(inherited)",
				);
				GCC_WARN_64_TO_32_BIT_CONVERSION = YES;
				GCC_WARN_ABOUT_RETURN_TYPE = YES_ERROR;
				GCC_WARN_UNDECLARED_SELECTOR = YES;
				GCC_WARN_UNINITIALIZED_AUTOS = YES_AGGRESSIVE;
				GCC_WARN_UNUSED_FUNCTION = YES;
				GCC_WARN_UNUSED_VARIABLE = YES;
				IPHONEOS_DEPLOYMENT_TARGET = 14.1;
				MTL_ENABLE_DEBUG_INFO = INCLUDE_SOURCE;
				MTL_FAST_MATH = YES;
				ONLY_ACTIVE_ARCH = YES;
				SDKROOT = iphoneos;
				SWIFT_ACTIVE_COMPILATION_CONDITIONS = DEBUG;
				SWIFT_OPTIMIZATION_LEVEL = "-Onone";
			};
			name = Debug;
		};
		BCDF36B4255322C000C842C5 /* Release */ = {
			isa = XCBuildConfiguration;
			buildSettings = {
				ALWAYS_SEARCH_USER_PATHS = NO;
				CLANG_ANALYZER_NONNULL = YES;
				CLANG_ANALYZER_NUMBER_OBJECT_CONVERSION = YES_AGGRESSIVE;
				CLANG_CXX_LANGUAGE_STANDARD = "gnu++14";
				CLANG_CXX_LIBRARY = "libc++";
				CLANG_ENABLE_MODULES = YES;
				CLANG_ENABLE_OBJC_ARC = YES;
				CLANG_ENABLE_OBJC_WEAK = YES;
				CLANG_WARN_BLOCK_CAPTURE_AUTORELEASING = YES;
				CLANG_WARN_BOOL_CONVERSION = YES;
				CLANG_WARN_COMMA = YES;
				CLANG_WARN_CONSTANT_CONVERSION = YES;
				CLANG_WARN_DEPRECATED_OBJC_IMPLEMENTATIONS = YES;
				CLANG_WARN_DIRECT_OBJC_ISA_USAGE = YES_ERROR;
				CLANG_WARN_DOCUMENTATION_COMMENTS = YES;
				CLANG_WARN_EMPTY_BODY = YES;
				CLANG_WARN_ENUM_CONVERSION = YES;
				CLANG_WARN_INFINITE_RECURSION = YES;
				CLANG_WARN_INT_CONVERSION = YES;
				CLANG_WARN_NON_LITERAL_NULL_CONVERSION = YES;
				CLANG_WARN_OBJC_IMPLICIT_RETAIN_SELF = YES;
				CLANG_WARN_OBJC_LITERAL_CONVERSION = YES;
				CLANG_WARN_OBJC_ROOT_CLASS = YES_ERROR;
				CLANG_WARN_QUOTED_INCLUDE_IN_FRAMEWORK_HEADER = YES;
				CLANG_WARN_RANGE_LOOP_ANALYSIS = YES;
				CLANG_WARN_STRICT_PROTOTYPES = YES;
				CLANG_WARN_SUSPICIOUS_MOVE = YES;
				CLANG_WARN_UNGUARDED_AVAILABILITY = YES_AGGRESSIVE;
				CLANG_WARN_UNREACHABLE_CODE = YES;
				CLANG_WARN__DUPLICATE_METHOD_MATCH = YES;
				COPY_PHASE_STRIP = NO;
				DEBUG_INFORMATION_FORMAT = "dwarf-with-dsym";
				ENABLE_NS_ASSERTIONS = NO;
				ENABLE_STRICT_OBJC_MSGSEND = YES;
				GCC_C_LANGUAGE_STANDARD = gnu11;
				GCC_NO_COMMON_BLOCKS = YES;
				GCC_WARN_64_TO_32_BIT_CONVERSION = YES;
				GCC_WARN_ABOUT_RETURN_TYPE = YES_ERROR;
				GCC_WARN_UNDECLARED_SELECTOR = YES;
				GCC_WARN_UNINITIALIZED_AUTOS = YES_AGGRESSIVE;
				GCC_WARN_UNUSED_FUNCTION = YES;
				GCC_WARN_UNUSED_VARIABLE = YES;
				IPHONEOS_DEPLOYMENT_TARGET = 14.1;
				MTL_ENABLE_DEBUG_INFO = NO;
				MTL_FAST_MATH = YES;
				SDKROOT = iphoneos;
				SWIFT_COMPILATION_MODE = wholemodule;
				SWIFT_OPTIMIZATION_LEVEL = "-O";
				VALIDATE_PRODUCT = YES;
			};
			name = Release;
		};
		BCDF36B6255322C000C842C5 /* Debug */ = {
			isa = XCBuildConfiguration;
			buildSettings = {
				ASSETCATALOG_COMPILER_APPICON_NAME = AppIcon;
				ASSETCATALOG_COMPILER_GLOBAL_ACCENT_COLOR_NAME = AccentColor;
				CODE_SIGN_STYLE = Automatic;
				DEVELOPMENT_ASSET_PATHS = "\"iosApp/Preview Content\"";
				DEVELOPMENT_TEAM = B4NUACRUYT;
				ENABLE_PREVIEWS = YES;
				FRAMEWORK_SEARCH_PATHS = "/Users/mscotet/skot/skot-demo/shared/build/framework/debug";
				"FRAMEWORK_SEARCH_PATHS[arch=*]" = "/Users/mscotet/skot/skot-demo/shared/build/framework/debug";
				INFOPLIST_FILE = iosApp/Info.plist;
				IPHONEOS_DEPLOYMENT_TARGET = 14.0;
				LD_RUNPATH_SEARCH_PATHS = (
					"$(inherited)",
					"@executable_path/Frameworks",
				);
				PRODUCT_BUNDLE_IDENTIFIER = tech.skot.demo.iosApp;
				PRODUCT_NAME = "$(TARGET_NAME)";
				SWIFT_VERSION = 5.0;
				TARGETED_DEVICE_FAMILY = "1,2";
			};
			name = Debug;
		};
		BCDF36B7255322C000C842C5 /* Release */ = {
			isa = XCBuildConfiguration;
			buildSettings = {
				ASSETCATALOG_COMPILER_APPICON_NAME = AppIcon;
				ASSETCATALOG_COMPILER_GLOBAL_ACCENT_COLOR_NAME = AccentColor;
				CODE_SIGN_STYLE = Automatic;
				DEVELOPMENT_ASSET_PATHS = "\"iosApp/Preview Content\"";
				DEVELOPMENT_TEAM = B4NUACRUYT;
				ENABLE_PREVIEWS = YES;
				"FRAMEWORK_SEARCH_PATHS[arch=*]" = "/Users/mscotet/skot/skot-demo/shared/build/framework/release";
				INFOPLIST_FILE = iosApp/Info.plist;
				IPHONEOS_DEPLOYMENT_TARGET = 14.0;
				LD_RUNPATH_SEARCH_PATHS = (
					"$(inherited)",
					"@executable_path/Frameworks",
				);
				PRODUCT_BUNDLE_IDENTIFIER = tech.skot.demo.iosApp;
				PRODUCT_NAME = "$(TARGET_NAME)";
				SWIFT_VERSION = 5.0;
				TARGETED_DEVICE_FAMILY = "1,2";
			};
			name = Release;
		};
/* End XCBuildConfiguration section */

/* Begin XCConfigurationList section */
		BCDF36A1255322BF00C842C5 /* Build configuration list for PBXProject "iosApp" */ = {
			isa = XCConfigurationList;
			buildConfigurations = (
				BCDF36B3255322C000C842C5 /* Debug */,
				BCDF36B4255322C000C842C5 /* Release */,
			);
			defaultConfigurationIsVisible = 0;
			defaultConfigurationName = Release;
		};
		BCDF36B5255322C000C842C5 /* Build configuration list for PBXNativeTarget "iosApp" */ = {
			isa = XCConfigurationList;
			buildConfigurations = (
				BCDF36B6255322C000C842C5 /* Debug */,
				BCDF36B7255322C000C842C5 /* Release */,
			);
			defaultConfigurationIsVisible = 0;
			defaultConfigurationName = Release;
		};
/* End XCConfigurationList section */
	};
	rootObject = BCDF369E255322BF00C842C5 /* Project object */;
}
