// !$*UTF8*$!
{
	archiveVersion = 1;
	classes = {
	};
	objectVersion = 50;
	objects = {

/* Begin PBXBuildFile section */
		BC2A4B4D255C26EC00DCA879 /* BaseScreenViewImpl.swift in Sources */ = {isa = PBXBuildFile; fileRef = BC2A4B4C255C26EC00DCA879 /* BaseScreenViewImpl.swift */; };
		BC2A4B4F255C26FB00DCA879 /* BasesActionsImpl.swift in Sources */ = {isa = PBXBuildFile; fileRef = BC2A4B4E255C26FB00DCA879 /* BasesActionsImpl.swift */; };
		BC2A4B51255C271A00DCA879 /* ComponentViewImpl.swift in Sources */ = {isa = PBXBuildFile; fileRef = BC2A4B50255C271A00DCA879 /* ComponentViewImpl.swift */; };
		BC2A4B53255C2C1300DCA879 /* ScreenUI.swift in Sources */ = {isa = PBXBuildFile; fileRef = BC2A4B52255C2C1300DCA879 /* ScreenUI.swift */; };
		BC632E9B25543D700011F438 /* ScreenViewImpl.swift in Sources */ = {isa = PBXBuildFile; fileRef = BC632E9A25543D700011F438 /* ScreenViewImpl.swift */; };
		BC632E9D255447B90011F438 /* UiProducer.swift in Sources */ = {isa = PBXBuildFile; fileRef = BC632E9C255447B90011F438 /* UiProducer.swift */; };
		BC632E9F25547BAC0011F438 /* ScreenErrorView.swift in Sources */ = {isa = PBXBuildFile; fileRef = BC632E9E25547BAC0011F438 /* ScreenErrorView.swift */; };
		BC907EAC2553E48D00BA3B18 /* shared.framework in Frameworks */ = {isa = PBXBuildFile; fileRef = BC907EAB2553E48D00BA3B18 /* shared.framework */; };
		BC907EAD2553E48D00BA3B18 /* shared.framework in Embed Frameworks */ = {isa = PBXBuildFile; fileRef = BC907EAB2553E48D00BA3B18 /* shared.framework */; settings = {ATTRIBUTES = (CodeSignOnCopy, RemoveHeadersOnCopy, ); }; };
		BC907EB22553EA5200BA3B18 /* SplashViewImpl.swift in Sources */ = {isa = PBXBuildFile; fileRef = BC907EB12553EA5200BA3B18 /* SplashViewImpl.swift */; };
		BC907EB42553EBE100BA3B18 /* ViewInjectorImpl.swift in Sources */ = {isa = PBXBuildFile; fileRef = BC907EB32553EBE100BA3B18 /* ViewInjectorImpl.swift */; };
		BC907EB62553F1F000BA3B18 /* SplashUI.swift in Sources */ = {isa = PBXBuildFile; fileRef = BC907EB52553F1F000BA3B18 /* SplashUI.swift */; };
		BCA52D9D255544710064AC73 /* ViewModel.swift in Sources */ = {isa = PBXBuildFile; fileRef = BCA52D9C255544710064AC73 /* ViewModel.swift */; };
		BCDF36AA255322BF00C842C5 /* iosAppApp.swift in Sources */ = {isa = PBXBuildFile; fileRef = BCDF36A9255322BF00C842C5 /* iosAppApp.swift */; };
		BCDF36AC255322BF00C842C5 /* ContentView.swift in Sources */ = {isa = PBXBuildFile; fileRef = BCDF36AB255322BF00C842C5 /* ContentView.swift */; };
		BCDF36AE255322C000C842C5 /* Assets.xcassets in Resources */ = {isa = PBXBuildFile; fileRef = BCDF36AD255322C000C842C5 /* Assets.xcassets */; };
		BCDF36B1255322C000C842C5 /* Preview Assets.xcassets in Resources */ = {isa = PBXBuildFile; fileRef = BCDF36B0255322C000C842C5 /* Preview Assets.xcassets */; };
		BCFCCC472558293200E29E5C /* OneButtonViewImpl.swift in Sources */ = {isa = PBXBuildFile; fileRef = BCFCCC462558293200E29E5C /* OneButtonViewImpl.swift */; };
		BCFCCC492558294200E29E5C /* WithBackScreenViewImpl.swift in Sources */ = {isa = PBXBuildFile; fileRef = BCFCCC482558294200E29E5C /* WithBackScreenViewImpl.swift */; };
		BCFCCC4B2558297300E29E5C /* OneButtonUI.swift in Sources */ = {isa = PBXBuildFile; fileRef = BCFCCC4A2558297300E29E5C /* OneButtonUI.swift */; };
		BCFCCC4D2558298B00E29E5C /* WithBackScreenUI.swift in Sources */ = {isa = PBXBuildFile; fileRef = BCFCCC4C2558298B00E29E5C /* WithBackScreenUI.swift */; };
		BCFCCC4F25582B6300E29E5C /* Root.swift in Sources */ = {isa = PBXBuildFile; fileRef = BCFCCC4E25582B6300E29E5C /* Root.swift */; };
		BCFCCC5125582C3100E29E5C /* RootUI.swift in Sources */ = {isa = PBXBuildFile; fileRef = BCFCCC5025582C3100E29E5C /* RootUI.swift */; };
		BCFCCC5325585C7000E29E5C /* BaseUI.swift in Sources */ = {isa = PBXBuildFile; fileRef = BCFCCC5225585C7000E29E5C /* BaseUI.swift */; };
		BCFCCC552559ADCD00E29E5C /* DemoBaseActionsViewImpl.swift in Sources */ = {isa = PBXBuildFile; fileRef = BCFCCC542559ADCD00E29E5C /* DemoBaseActionsViewImpl.swift */; };
		BCFCCC572559AFF200E29E5C /* DemoBaseActionsUI.swift in Sources */ = {isa = PBXBuildFile; fileRef = BCFCCC562559AFF200E29E5C /* DemoBaseActionsUI.swift */; };
/* End PBXBuildFile section */

/* Begin PBXCopyFilesBuildPhase section */
		BC907EAE2553E48D00BA3B18 /* Embed Frameworks */ = {
			isa = PBXCopyFilesBuildPhase;
			buildActionMask = 2147483647;
			dstPath = "";
			dstSubfolderSpec = 10;
			files = (
				BC907EAD2553E48D00BA3B18 /* shared.framework in Embed Frameworks */,
			);
			name = "Embed Frameworks";
			runOnlyForDeploymentPostprocessing = 0;
		};
/* End PBXCopyFilesBuildPhase section */

/* Begin PBXFileReference section */
		BC2A4B4C255C26EC00DCA879 /* BaseScreenViewImpl.swift */ = {isa = PBXFileReference; lastKnownFileType = sourcecode.swift; path = BaseScreenViewImpl.swift; sourceTree = "<group>"; };
		BC2A4B4E255C26FB00DCA879 /* BasesActionsImpl.swift */ = {isa = PBXFileReference; lastKnownFileType = sourcecode.swift; path = BasesActionsImpl.swift; sourceTree = "<group>"; };
		BC2A4B50255C271A00DCA879 /* ComponentViewImpl.swift */ = {isa = PBXFileReference; lastKnownFileType = sourcecode.swift; path = ComponentViewImpl.swift; sourceTree = "<group>"; };
		BC2A4B52255C2C1300DCA879 /* ScreenUI.swift */ = {isa = PBXFileReference; lastKnownFileType = sourcecode.swift; path = ScreenUI.swift; sourceTree = "<group>"; };
		BC632E9A25543D700011F438 /* ScreenViewImpl.swift */ = {isa = PBXFileReference; lastKnownFileType = sourcecode.swift; path = ScreenViewImpl.swift; sourceTree = "<group>"; };
		BC632E9C255447B90011F438 /* UiProducer.swift */ = {isa = PBXFileReference; lastKnownFileType = sourcecode.swift; path = UiProducer.swift; sourceTree = "<group>"; };
		BC632E9E25547BAC0011F438 /* ScreenErrorView.swift */ = {isa = PBXFileReference; lastKnownFileType = sourcecode.swift; path = ScreenErrorView.swift; sourceTree = "<group>"; };
		BC907EAB2553E48D00BA3B18 /* shared.framework */ = {isa = PBXFileReference; lastKnownFileType = wrapper.framework; name = shared.framework; path = "../shared/build/xcode-frameworks/shared.framework"; sourceTree = "<group>"; };
		BC907EB12553EA5200BA3B18 /* SplashViewImpl.swift */ = {isa = PBXFileReference; lastKnownFileType = sourcecode.swift; path = SplashViewImpl.swift; sourceTree = "<group>"; };
		BC907EB32553EBE100BA3B18 /* ViewInjectorImpl.swift */ = {isa = PBXFileReference; lastKnownFileType = sourcecode.swift; path = ViewInjectorImpl.swift; sourceTree = "<group>"; };
		BC907EB52553F1F000BA3B18 /* SplashUI.swift */ = {isa = PBXFileReference; lastKnownFileType = sourcecode.swift; path = SplashUI.swift; sourceTree = "<group>"; };
		BCA52D9C255544710064AC73 /* ViewModel.swift */ = {isa = PBXFileReference; lastKnownFileType = sourcecode.swift; path = ViewModel.swift; sourceTree = "<group>"; };
		BCDF36A6255322BF00C842C5 /* iosApp.app */ = {isa = PBXFileReference; explicitFileType = wrapper.application; includeInIndex = 0; path = iosApp.app; sourceTree = BUILT_PRODUCTS_DIR; };
		BCDF36A9255322BF00C842C5 /* iosAppApp.swift */ = {isa = PBXFileReference; lastKnownFileType = sourcecode.swift; path = iosAppApp.swift; sourceTree = "<group>"; };
		BCDF36AB255322BF00C842C5 /* ContentView.swift */ = {isa = PBXFileReference; lastKnownFileType = sourcecode.swift; path = ContentView.swift; sourceTree = "<group>"; };
		BCDF36AD255322C000C842C5 /* Assets.xcassets */ = {isa = PBXFileReference; lastKnownFileType = folder.assetcatalog; path = Assets.xcassets; sourceTree = "<group>"; };
		BCDF36B0255322C000C842C5 /* Preview Assets.xcassets */ = {isa = PBXFileReference; lastKnownFileType = folder.assetcatalog; path = "Preview Assets.xcassets"; sourceTree = "<group>"; };
		BCDF36B2255322C000C842C5 /* Info.plist */ = {isa = PBXFileReference; lastKnownFileType = text.plist.xml; path = Info.plist; sourceTree = "<group>"; };
		BCFCCC462558293200E29E5C /* OneButtonViewImpl.swift */ = {isa = PBXFileReference; lastKnownFileType = sourcecode.swift; path = OneButtonViewImpl.swift; sourceTree = "<group>"; };
		BCFCCC482558294200E29E5C /* WithBackScreenViewImpl.swift */ = {isa = PBXFileReference; lastKnownFileType = sourcecode.swift; path = WithBackScreenViewImpl.swift; sourceTree = "<group>"; };
		BCFCCC4A2558297300E29E5C /* OneButtonUI.swift */ = {isa = PBXFileReference; lastKnownFileType = sourcecode.swift; path = OneButtonUI.swift; sourceTree = "<group>"; };
		BCFCCC4C2558298B00E29E5C /* WithBackScreenUI.swift */ = {isa = PBXFileReference; lastKnownFileType = sourcecode.swift; path = WithBackScreenUI.swift; sourceTree = "<group>"; };
		BCFCCC4E25582B6300E29E5C /* Root.swift */ = {isa = PBXFileReference; lastKnownFileType = sourcecode.swift; path = Root.swift; sourceTree = "<group>"; };
		BCFCCC5025582C3100E29E5C /* RootUI.swift */ = {isa = PBXFileReference; lastKnownFileType = sourcecode.swift; path = RootUI.swift; sourceTree = "<group>"; };
		BCFCCC5225585C7000E29E5C /* BaseUI.swift */ = {isa = PBXFileReference; lastKnownFileType = sourcecode.swift; path = BaseUI.swift; sourceTree = "<group>"; };
		BCFCCC542559ADCD00E29E5C /* DemoBaseActionsViewImpl.swift */ = {isa = PBXFileReference; lastKnownFileType = sourcecode.swift; path = DemoBaseActionsViewImpl.swift; sourceTree = "<group>"; };
		BCFCCC562559AFF200E29E5C /* DemoBaseActionsUI.swift */ = {isa = PBXFileReference; lastKnownFileType = sourcecode.swift; path = DemoBaseActionsUI.swift; sourceTree = "<group>"; };
/* End PBXFileReference section */

/* Begin PBXFrameworksBuildPhase section */
		BCDF36A3255322BF00C842C5 /* Frameworks */ = {
			isa = PBXFrameworksBuildPhase;
			buildActionMask = 2147483647;
			files = (
				BC907EAC2553E48D00BA3B18 /* shared.framework in Frameworks */,
			);
			runOnlyForDeploymentPostprocessing = 0;
		};
/* End PBXFrameworksBuildPhase section */

/* Begin PBXGroup section */
		BC2A4B4B255C26BE00DCA879 /* base */ = {
			isa = PBXGroup;
			children = (
				BCFCCC5225585C7000E29E5C /* BaseUI.swift */,
				BC2A4B4C255C26EC00DCA879 /* BaseScreenViewImpl.swift */,
				BC2A4B4E255C26FB00DCA879 /* BasesActionsImpl.swift */,
			);
			path = base;
			sourceTree = "<group>";
		};
		BC907EAA2553E48D00BA3B18 /* Frameworks */ = {
			isa = PBXGroup;
			children = (
				BC907EAB2553E48D00BA3B18 /* shared.framework */,
			);
			name = Frameworks;
			sourceTree = "<group>";
		};
		BCDF369D255322BF00C842C5 = {
			isa = PBXGroup;
			children = (
				BCDF36A8255322BF00C842C5 /* iosApp */,
				BCDF36A7255322BF00C842C5 /* Products */,
				BC907EAA2553E48D00BA3B18 /* Frameworks */,
			);
			sourceTree = "<group>";
		};
		BCDF36A7255322BF00C842C5 /* Products */ = {
			isa = PBXGroup;
			children = (
				BCDF36A6255322BF00C842C5 /* iosApp.app */,
			);
			name = Products;
			sourceTree = "<group>";
		};
		BCDF36A8255322BF00C842C5 /* iosApp */ = {
			isa = PBXGroup;
			children = (
				BC2A4B4B255C26BE00DCA879 /* base */,
				BCFCCC45255828E500E29E5C /* skot */,
				BCFCCC44255828DB00E29E5C /* screens */,
				BCDF36A9255322BF00C842C5 /* iosAppApp.swift */,
				BCDF36AB255322BF00C842C5 /* ContentView.swift */,
				BCDF36AD255322C000C842C5 /* Assets.xcassets */,
				BCDF36B2255322C000C842C5 /* Info.plist */,
				BCDF36AF255322C000C842C5 /* Preview Content */,
				BC907EB32553EBE100BA3B18 /* ViewInjectorImpl.swift */,
				BC632E9C255447B90011F438 /* UiProducer.swift */,
				BC632E9E25547BAC0011F438 /* ScreenErrorView.swift */,
				BCA52D9C255544710064AC73 /* ViewModel.swift */,
			);
			path = iosApp;
			sourceTree = "<group>";
		};
		BCDF36AF255322C000C842C5 /* Preview Content */ = {
			isa = PBXGroup;
			children = (
				BCDF36B0255322C000C842C5 /* Preview Assets.xcassets */,
			);
			path = "Preview Content";
			sourceTree = "<group>";
		};
		BCFCCC44255828DB00E29E5C /* screens */ = {
			isa = PBXGroup;
			children = (
				BC907EB52553F1F000BA3B18 /* SplashUI.swift */,
				BC907EB12553EA5200BA3B18 /* SplashViewImpl.swift */,
				BCFCCC462558293200E29E5C /* OneButtonViewImpl.swift */,
				BCFCCC482558294200E29E5C /* WithBackScreenViewImpl.swift */,
				BCFCCC4A2558297300E29E5C /* OneButtonUI.swift */,
				BCFCCC4C2558298B00E29E5C /* WithBackScreenUI.swift */,
				BCFCCC542559ADCD00E29E5C /* DemoBaseActionsViewImpl.swift */,
				BCFCCC562559AFF200E29E5C /* DemoBaseActionsUI.swift */,
			);
			path = screens;
			sourceTree = "<group>";
		};
		BCFCCC45255828E500E29E5C /* skot */ = {
			isa = PBXGroup;
			children = (
				BC632E9A25543D700011F438 /* ScreenViewImpl.swift */,
				BCFCCC4E25582B6300E29E5C /* Root.swift */,
				BCFCCC5025582C3100E29E5C /* RootUI.swift */,
				BC2A4B50255C271A00DCA879 /* ComponentViewImpl.swift */,
				BC2A4B52255C2C1300DCA879 /* ScreenUI.swift */,
			);
			path = skot;
			sourceTree = "<group>";
		};
/* End PBXGroup section */

/* Begin PBXNativeTarget section */
		BCDF36A5255322BF00C842C5 /* iosApp */ = {
			isa = PBXNativeTarget;
			buildConfigurationList = BCDF36B5255322C000C842C5 /* Build configuration list for PBXNativeTarget "iosApp" */;
			buildPhases = (
				BCDF36A2255322BF00C842C5 /* Sources */,
				BCDF36A3255322BF00C842C5 /* Frameworks */,
				BCDF36A4255322BF00C842C5 /* Resources */,
				BC907EAE2553E48D00BA3B18 /* Embed Frameworks */,
			);
			buildRules = (
			);
			dependencies = (
			);
			name = iosApp;
			productName = iosApp;
			productReference = BCDF36A6255322BF00C842C5 /* iosApp.app */;
			productType = "com.apple.product-type.application";
		};
/* End PBXNativeTarget section */

/* Begin PBXProject section */
		BCDF369E255322BF00C842C5 /* Project object */ = {
			isa = PBXProject;
			attributes = {
				LastSwiftUpdateCheck = 1210;
				LastUpgradeCheck = 1210;
				TargetAttributes = {
					BCDF36A5255322BF00C842C5 = {
						CreatedOnToolsVersion = 12.1;
					};
				};
			};
			buildConfigurationList = BCDF36A1255322BF00C842C5 /* Build configuration list for PBXProject "iosApp" */;
			compatibilityVersion = "Xcode 9.3";
			developmentRegion = en;
			hasScannedForEncodings = 0;
			knownRegions = (
				en,
				Base,
			);
			mainGroup = BCDF369D255322BF00C842C5;
			productRefGroup = BCDF36A7255322BF00C842C5 /* Products */;
			projectDirPath = "";
			projectRoot = "";
			targets = (
				BCDF36A5255322BF00C842C5 /* iosApp */,
			);
		};
/* End PBXProject section */

/* Begin PBXResourcesBuildPhase section */
		BCDF36A4255322BF00C842C5 /* Resources */ = {
			isa = PBXResourcesBuildPhase;
			buildActionMask = 2147483647;
			files = (
				BCDF36B1255322C000C842C5 /* Preview Assets.xcassets in Resources */,
				BCDF36AE255322C000C842C5 /* Assets.xcassets in Resources */,
			);
			runOnlyForDeploymentPostprocessing = 0;
		};
/* End PBXResourcesBuildPhase section */

/* Begin PBXSourcesBuildPhase section */
		BCDF36A2255322BF00C842C5 /* Sources */ = {
			isa = PBXSourcesBuildPhase;
			buildActionMask = 2147483647;
			files = (
				BCFCCC5325585C7000E29E5C /* BaseUI.swift in Sources */,
				BCFCCC4B2558297300E29E5C /* OneButtonUI.swift in Sources */,
				BC2A4B4F255C26FB00DCA879 /* BasesActionsImpl.swift in Sources */,
				BC632E9B25543D700011F438 /* ScreenViewImpl.swift in Sources */,
				BCFCCC4D2558298B00E29E5C /* WithBackScreenUI.swift in Sources */,
				BCFCCC552559ADCD00E29E5C /* DemoBaseActionsViewImpl.swift in Sources */,
				BCA52D9D255544710064AC73 /* ViewModel.swift in Sources */,
				BC632E9D255447B90011F438 /* UiProducer.swift in Sources */,
				BC907EB42553EBE100BA3B18 /* ViewInjectorImpl.swift in Sources */,
				BC907EB22553EA5200BA3B18 /* SplashViewImpl.swift in Sources */,
				BC907EB62553F1F000BA3B18 /* SplashUI.swift in Sources */,
				BC2A4B53255C2C1300DCA879 /* ScreenUI.swift in Sources */,
				BCFCCC472558293200E29E5C /* OneButtonViewImpl.swift in Sources */,
				BCFCCC4F25582B6300E29E5C /* Root.swift in Sources */,
				BC2A4B4D255C26EC00DCA879 /* BaseScreenViewImpl.swift in Sources */,
				BC632E9F25547BAC0011F438 /* ScreenErrorView.swift in Sources */,
				BCFCCC492558294200E29E5C /* WithBackScreenViewImpl.swift in Sources */,
				BCFCCC5125582C3100E29E5C /* RootUI.swift in Sources */,
				BC2A4B51255C271A00DCA879 /* ComponentViewImpl.swift in Sources */,
				BCFCCC572559AFF200E29E5C /* DemoBaseActionsUI.swift in Sources */,
				BCDF36AC255322BF00C842C5 /* ContentView.swift in Sources */,
				BCDF36AA255322BF00C842C5 /* iosAppApp.swift in Sources */,
			);
			runOnlyForDeploymentPostprocessing = 0;
		};
/* End PBXSourcesBuildPhase section */

/* Begin XCBuildConfiguration section */
		BCDF36B3255322C000C842C5 /* Debug */ = {
			isa = XCBuildConfiguration;
			buildSettings = {
				ALWAYS_SEARCH_USER_PATHS = NO;
				CLANG_ANALYZER_NONNULL = YES;
				CLANG_ANALYZER_NUMBER_OBJECT_CONVERSION = YES_AGGRESSIVE;
				CLANG_CXX_LANGUAGE_STANDARD = "gnu++14";
				CLANG_CXX_LIBRARY = "libc++";
				CLANG_ENABLE_MODULES = YES;
				CLANG_ENABLE_OBJC_ARC = YES;
				CLANG_ENABLE_OBJC_WEAK = YES;
				CLANG_WARN_BLOCK_CAPTURE_AUTORELEASING = YES;
				CLANG_WARN_BOOL_CONVERSION = YES;
				CLANG_WARN_COMMA = YES;
				CLANG_WARN_CONSTANT_CONVERSION = YES;
				CLANG_WARN_DEPRECATED_OBJC_IMPLEMENTATIONS = YES;
				CLANG_WARN_DIRECT_OBJC_ISA_USAGE = YES_ERROR;
				CLANG_WARN_DOCUMENTATION_COMMENTS = YES;
				CLANG_WARN_EMPTY_BODY = YES;
				CLANG_WARN_ENUM_CONVERSION = YES;
				CLANG_WARN_INFINITE_RECURSION = YES;
				CLANG_WARN_INT_CONVERSION = YES;
				CLANG_WARN_NON_LITERAL_NULL_CONVERSION = YES;
				CLANG_WARN_OBJC_IMPLICIT_RETAIN_SELF = YES;
				CLANG_WARN_OBJC_LITERAL_CONVERSION = YES;
				CLANG_WARN_OBJC_ROOT_CLASS = YES_ERROR;
				CLANG_WARN_QUOTED_INCLUDE_IN_FRAMEWORK_HEADER = YES;
				CLANG_WARN_RANGE_LOOP_ANALYSIS = YES;
				CLANG_WARN_STRICT_PROTOTYPES = YES;
				CLANG_WARN_SUSPICIOUS_MOVE = YES;
				CLANG_WARN_UNGUARDED_AVAILABILITY = YES_AGGRESSIVE;
				CLANG_WARN_UNREACHABLE_CODE = YES;
				CLANG_WARN__DUPLICATE_METHOD_MATCH = YES;
				COPY_PHASE_STRIP = NO;
				DEBUG_INFORMATION_FORMAT = dwarf;
				ENABLE_STRICT_OBJC_MSGSEND = YES;
				ENABLE_TESTABILITY = YES;
				GCC_C_LANGUAGE_STANDARD = gnu11;
				GCC_DYNAMIC_NO_PIC = NO;
				GCC_NO_COMMON_BLOCKS = YES;
				GCC_OPTIMIZATION_LEVEL = 0;
				GCC_PREPROCESSOR_DEFINITIONS = (
					"DEBUG=1",
					"$(inherited)",
				);
				GCC_WARN_64_TO_32_BIT_CONVERSION = YES;
				GCC_WARN_ABOUT_RETURN_TYPE = YES_ERROR;
				GCC_WARN_UNDECLARED_SELECTOR = YES;
				GCC_WARN_UNINITIALIZED_AUTOS = YES_AGGRESSIVE;
				GCC_WARN_UNUSED_FUNCTION = YES;
				GCC_WARN_UNUSED_VARIABLE = YES;
				IPHONEOS_DEPLOYMENT_TARGET = 14.1;
				MTL_ENABLE_DEBUG_INFO = INCLUDE_SOURCE;
				MTL_FAST_MATH = YES;
				ONLY_ACTIVE_ARCH = YES;
				SDKROOT = iphoneos;
				SWIFT_ACTIVE_COMPILATION_CONDITIONS = DEBUG;
				SWIFT_OPTIMIZATION_LEVEL = "-Onone";
			};
			name = Debug;
		};
		BCDF36B4255322C000C842C5 /* Release */ = {
			isa = XCBuildConfiguration;
			buildSettings = {
				ALWAYS_SEARCH_USER_PATHS = NO;
				CLANG_ANALYZER_NONNULL = YES;
				CLANG_ANALYZER_NUMBER_OBJECT_CONVERSION = YES_AGGRESSIVE;
				CLANG_CXX_LANGUAGE_STANDARD = "gnu++14";
				CLANG_CXX_LIBRARY = "libc++";
				CLANG_ENABLE_MODULES = YES;
				CLANG_ENABLE_OBJC_ARC = YES;
				CLANG_ENABLE_OBJC_WEAK = YES;
				CLANG_WARN_BLOCK_CAPTURE_AUTORELEASING = YES;
				CLANG_WARN_BOOL_CONVERSION = YES;
				CLANG_WARN_COMMA = YES;
				CLANG_WARN_CONSTANT_CONVERSION = YES;
				CLANG_WARN_DEPRECATED_OBJC_IMPLEMENTATIONS = YES;
				CLANG_WARN_DIRECT_OBJC_ISA_USAGE = YES_ERROR;
				CLANG_WARN_DOCUMENTATION_COMMENTS = YES;
				CLANG_WARN_EMPTY_BODY = YES;
				CLANG_WARN_ENUM_CONVERSION = YES;
				CLANG_WARN_INFINITE_RECURSION = YES;
				CLANG_WARN_INT_CONVERSION = YES;
				CLANG_WARN_NON_LITERAL_NULL_CONVERSION = YES;
				CLANG_WARN_OBJC_IMPLICIT_RETAIN_SELF = YES;
				CLANG_WARN_OBJC_LITERAL_CONVERSION = YES;
				CLANG_WARN_OBJC_ROOT_CLASS = YES_ERROR;
				CLANG_WARN_QUOTED_INCLUDE_IN_FRAMEWORK_HEADER = YES;
				CLANG_WARN_RANGE_LOOP_ANALYSIS = YES;
				CLANG_WARN_STRICT_PROTOTYPES = YES;
				CLANG_WARN_SUSPICIOUS_MOVE = YES;
				CLANG_WARN_UNGUARDED_AVAILABILITY = YES_AGGRESSIVE;
				CLANG_WARN_UNREACHABLE_CODE = YES;
				CLANG_WARN__DUPLICATE_METHOD_MATCH = YES;
				COPY_PHASE_STRIP = NO;
				DEBUG_INFORMATION_FORMAT = "dwarf-with-dsym";
				ENABLE_NS_ASSERTIONS = NO;
				ENABLE_STRICT_OBJC_MSGSEND = YES;
				GCC_C_LANGUAGE_STANDARD = gnu11;
				GCC_NO_COMMON_BLOCKS = YES;
				GCC_WARN_64_TO_32_BIT_CONVERSION = YES;
				GCC_WARN_ABOUT_RETURN_TYPE = YES_ERROR;
				GCC_WARN_UNDECLARED_SELECTOR = YES;
				GCC_WARN_UNINITIALIZED_AUTOS = YES_AGGRESSIVE;
				GCC_WARN_UNUSED_FUNCTION = YES;
				GCC_WARN_UNUSED_VARIABLE = YES;
				IPHONEOS_DEPLOYMENT_TARGET = 14.1;
				MTL_ENABLE_DEBUG_INFO = NO;
				MTL_FAST_MATH = YES;
				SDKROOT = iphoneos;
				SWIFT_COMPILATION_MODE = wholemodule;
				SWIFT_OPTIMIZATION_LEVEL = "-O";
				VALIDATE_PRODUCT = YES;
			};
			name = Release;
		};
		BCDF36B6255322C000C842C5 /* Debug */ = {
			isa = XCBuildConfiguration;
			buildSettings = {
				ASSETCATALOG_COMPILER_APPICON_NAME = AppIcon;
				ASSETCATALOG_COMPILER_GLOBAL_ACCENT_COLOR_NAME = AccentColor;
				CODE_SIGN_STYLE = Automatic;
				DEVELOPMENT_ASSET_PATHS = "\"iosApp/Preview Content\"";
				DEVELOPMENT_TEAM = B4NUACRUYT;
				ENABLE_PREVIEWS = YES;
				"FRAMEWORK_SEARCH_PATHS[arch=*]" = "$(PROJECT_DIR)/../shared/build/xcode-frameworks/";
				INFOPLIST_FILE = iosApp/Info.plist;
				IPHONEOS_DEPLOYMENT_TARGET = 14.0;
				LD_RUNPATH_SEARCH_PATHS = (
					"$(inherited)",
					"@executable_path/Frameworks",
				);
				PRODUCT_BUNDLE_IDENTIFIER = tech.skot.demo.iosApp;
				PRODUCT_NAME = "$(TARGET_NAME)";
				SWIFT_VERSION = 5.0;
				TARGETED_DEVICE_FAMILY = "1,2";
			};
			name = Debug;
		};
		BCDF36B7255322C000C842C5 /* Release */ = {
			isa = XCBuildConfiguration;
			buildSettings = {
				ASSETCATALOG_COMPILER_APPICON_NAME = AppIcon;
				ASSETCATALOG_COMPILER_GLOBAL_ACCENT_COLOR_NAME = AccentColor;
				CODE_SIGN_STYLE = Automatic;
				DEVELOPMENT_ASSET_PATHS = "\"iosApp/Preview Content\"";
				DEVELOPMENT_TEAM = B4NUACRUYT;
				ENABLE_PREVIEWS = YES;
				"FRAMEWORK_SEARCH_PATHS[arch=*]" = "$(PROJECT_DIR)/../shared/build/xcode-frameworks/";
				INFOPLIST_FILE = iosApp/Info.plist;
				IPHONEOS_DEPLOYMENT_TARGET = 14.0;
				LD_RUNPATH_SEARCH_PATHS = (
					"$(inherited)",
					"@executable_path/Frameworks",
				);
				PRODUCT_BUNDLE_IDENTIFIER = tech.skot.demo.iosApp;
				PRODUCT_NAME = "$(TARGET_NAME)";
				SWIFT_VERSION = 5.0;
				TARGETED_DEVICE_FAMILY = "1,2";
			};
			name = Release;
		};
/* End XCBuildConfiguration section */

/* Begin XCConfigurationList section */
		BCDF36A1255322BF00C842C5 /* Build configuration list for PBXProject "iosApp" */ = {
			isa = XCConfigurationList;
			buildConfigurations = (
				BCDF36B3255322C000C842C5 /* Debug */,
				BCDF36B4255322C000C842C5 /* Release */,
			);
			defaultConfigurationIsVisible = 0;
			defaultConfigurationName = Release;
		};
		BCDF36B5255322C000C842C5 /* Build configuration list for PBXNativeTarget "iosApp" */ = {
			isa = XCConfigurationList;
			buildConfigurations = (
				BCDF36B6255322C000C842C5 /* Debug */,
				BCDF36B7255322C000C842C5 /* Release */,
			);
			defaultConfigurationIsVisible = 0;
			defaultConfigurationName = Release;
		};
/* End XCConfigurationList section */
	};
	rootObject = BCDF369E255322BF00C842C5 /* Project object */;
}
