// !$*UTF8*$!
{
	archiveVersion = 1;
	classes = {
	};
	objectVersion = 55;
	objects = {

/* Begin PBXBuildFile section */
		BC1AB13D274D1A3D0086F320 /* ViewLocator.swift in Sources */ = {isa = PBXBuildFile; fileRef = BC1AB13C274D1A3D0086F320 /* ViewLocator.swift */; };
		BC7FBA7D273287B80092F2EC /* ViewInjectorImpl.swift in Sources */ = {isa = PBXBuildFile; fileRef = BC7FBA7C273287B80092F2EC /* ViewInjectorImpl.swift */; };
		BC7FBAAA2732D8EC0092F2EC /* SplashView.swift in Sources */ = {isa = PBXBuildFile; fileRef = BC7FBAA92732D8EC0092F2EC /* SplashView.swift */; };
		BC91DDC1273530C1004F6366 /* BurgerScreenView.swift in Sources */ = {isa = PBXBuildFile; fileRef = BC91DDC0273530C1004F6366 /* BurgerScreenView.swift */; };
		BC91DDC427353918004F6366 /* CatalogItemView.swift in Sources */ = {isa = PBXBuildFile; fileRef = BC91DDC327353918004F6366 /* CatalogItemView.swift */; };
		BCAD92C02733CEC900E0D990 /* TestModel.swift in Sources */ = {isa = PBXBuildFile; fileRef = BCAD92BF2733CEC900E0D990 /* TestModel.swift */; };
		BCAD92C22733CEF900E0D990 /* TestView.swift in Sources */ = {isa = PBXBuildFile; fileRef = BCAD92C12733CEF900E0D990 /* TestView.swift */; };
		BCAD92C92733DF0800E0D990 /* OnTopView.swift in Sources */ = {isa = PBXBuildFile; fileRef = BCAD92C82733DF0800E0D990 /* OnTopView.swift */; };
		BCB97BCD271F2EDB00C6F1E8 /* iosAppApp.swift in Sources */ = {isa = PBXBuildFile; fileRef = BCB97BCC271F2EDB00C6F1E8 /* iosAppApp.swift */; };
		BCB97BCF271F2EDB00C6F1E8 /* ContentView.swift in Sources */ = {isa = PBXBuildFile; fileRef = BCB97BCE271F2EDB00C6F1E8 /* ContentView.swift */; };
		BCB97BD1271F2EDC00C6F1E8 /* Assets.xcassets in Resources */ = {isa = PBXBuildFile; fileRef = BCB97BD0271F2EDC00C6F1E8 /* Assets.xcassets */; };
		BCB97BD4271F2EDC00C6F1E8 /* Preview Assets.xcassets in Resources */ = {isa = PBXBuildFile; fileRef = BCB97BD3271F2EDC00C6F1E8 /* Preview Assets.xcassets */; };
		BCEEF750274576A100E99B50 /* SKFrameView.swift in Sources */ = {isa = PBXBuildFile; fileRef = BCEEF738274576A100E99B50 /* SKFrameView.swift */; };
		BCEEF751274576A100E99B50 /* SKScreenView.swift in Sources */ = {isa = PBXBuildFile; fileRef = BCEEF739274576A100E99B50 /* SKScreenView.swift */; };
		BCEEF752274576A100E99B50 /* SKStackView.swift in Sources */ = {isa = PBXBuildFile; fileRef = BCEEF73A274576A100E99B50 /* SKStackView.swift */; };
		BCEEF753274576A100E99B50 /* CoreViewInjectorImpl.swift in Sources */ = {isa = PBXBuildFile; fileRef = BCEEF73C274576A100E99B50 /* CoreViewInjectorImpl.swift */; };
		BCEEF754274576A100E99B50 /* SKComponentView.swift in Sources */ = {isa = PBXBuildFile; fileRef = BCEEF73D274576A100E99B50 /* SKComponentView.swift */; };
		BCEEF755274576A100E99B50 /* SKLoaderView.swift in Sources */ = {isa = PBXBuildFile; fileRef = BCEEF73E274576A100E99B50 /* SKLoaderView.swift */; };
		BCEEF756274576A100E99B50 /* SKWebView.swift in Sources */ = {isa = PBXBuildFile; fileRef = BCEEF73F274576A100E99B50 /* SKWebView.swift */; };
		BCEEF757274576A100E99B50 /* SKPagerWithTabsView.swift in Sources */ = {isa = PBXBuildFile; fileRef = BCEEF740274576A100E99B50 /* SKPagerWithTabsView.swift */; };
		BCEEF758274576A100E99B50 /* SKBox.swift in Sources */ = {isa = PBXBuildFile; fileRef = BCEEF741274576A100E99B50 /* SKBox.swift */; };
		BCEEF759274576A100E99B50 /* SKPagerView.swift in Sources */ = {isa = PBXBuildFile; fileRef = BCEEF742274576A100E99B50 /* SKPagerView.swift */; };
		BCEEF75A274576A100E99B50 /* SKWindowPopupView.swift in Sources */ = {isa = PBXBuildFile; fileRef = BCEEF744274576A100E99B50 /* SKWindowPopupView.swift */; };
		BCEEF75B274576A100E99B50 /* SKAlertView.swift in Sources */ = {isa = PBXBuildFile; fileRef = BCEEF745274576A100E99B50 /* SKAlertView.swift */; };
		BCEEF75C274576A100E99B50 /* SKSnackBarView.swift in Sources */ = {isa = PBXBuildFile; fileRef = BCEEF746274576A100E99B50 /* SKSnackBarView.swift */; };
		BCEEF75D274576A100E99B50 /* SKBottomSheetView.swift in Sources */ = {isa = PBXBuildFile; fileRef = BCEEF747274576A100E99B50 /* SKBottomSheetView.swift */; };
		BCEEF75E274576A100E99B50 /* SKListView.swift in Sources */ = {isa = PBXBuildFile; fileRef = BCEEF748274576A100E99B50 /* SKListView.swift */; };
		BCEEF75F274576A100E99B50 /* SKComboView.swift in Sources */ = {isa = PBXBuildFile; fileRef = BCEEF74A274576A100E99B50 /* SKComboView.swift */; };
		BCEEF760274576A100E99B50 /* SKButtonView.swift in Sources */ = {isa = PBXBuildFile; fileRef = BCEEF74B274576A100E99B50 /* SKButtonView.swift */; };
		BCEEF761274576A100E99B50 /* SKSimpleInputView.swift in Sources */ = {isa = PBXBuildFile; fileRef = BCEEF74C274576A100E99B50 /* SKSimpleInputView.swift */; };
		BCEEF762274576A100E99B50 /* SKInputWithSuggestions.swift in Sources */ = {isa = PBXBuildFile; fileRef = BCEEF74D274576A100E99B50 /* SKInputWithSuggestions.swift */; };
		BCEEF763274576A100E99B50 /* SKInputView.swift in Sources */ = {isa = PBXBuildFile; fileRef = BCEEF74E274576A100E99B50 /* SKInputView.swift */; };
		BCEEF764274576A100E99B50 /* SKImageButtonView.swift in Sources */ = {isa = PBXBuildFile; fileRef = BCEEF74F274576A100E99B50 /* SKImageButtonView.swift */; };
		BCEEF766274576EA00E99B50 /* shared.xcframework in Frameworks */ = {isa = PBXBuildFile; fileRef = BCEEF765274576EA00E99B50 /* shared.xcframework */; };
		BCEEF767274576EA00E99B50 /* shared.xcframework in Embed Frameworks */ = {isa = PBXBuildFile; fileRef = BCEEF765274576EA00E99B50 /* shared.xcframework */; settings = {ATTRIBUTES = (CodeSignOnCopy, RemoveHeadersOnCopy, ); }; };
/* End PBXBuildFile section */

/* Begin PBXCopyFilesBuildPhase section */
		BC68258F27205833004947D0 /* Embed Frameworks */ = {
			isa = PBXCopyFilesBuildPhase;
			buildActionMask = 2147483647;
			dstPath = "";
			dstSubfolderSpec = 10;
			files = (
				BCEEF767274576EA00E99B50 /* shared.xcframework in Embed Frameworks */,
			);
			name = "Embed Frameworks";
			runOnlyForDeploymentPostprocessing = 0;
		};
/* End PBXCopyFilesBuildPhase section */

/* Begin PBXFileReference section */
		BC1AB13C274D1A3D0086F320 /* ViewLocator.swift */ = {isa = PBXFileReference; lastKnownFileType = sourcecode.swift; path = ViewLocator.swift; sourceTree = "<group>"; };
		BC7FBA7C273287B80092F2EC /* ViewInjectorImpl.swift */ = {isa = PBXFileReference; lastKnownFileType = sourcecode.swift; path = ViewInjectorImpl.swift; sourceTree = "<group>"; };
		BC7FBAA92732D8EC0092F2EC /* SplashView.swift */ = {isa = PBXFileReference; lastKnownFileType = sourcecode.swift; path = SplashView.swift; sourceTree = "<group>"; };
		BC91DDC0273530C1004F6366 /* BurgerScreenView.swift */ = {isa = PBXFileReference; lastKnownFileType = sourcecode.swift; path = BurgerScreenView.swift; sourceTree = "<group>"; };
		BC91DDC327353918004F6366 /* CatalogItemView.swift */ = {isa = PBXFileReference; lastKnownFileType = sourcecode.swift; path = CatalogItemView.swift; sourceTree = "<group>"; };
		BCAD92BF2733CEC900E0D990 /* TestModel.swift */ = {isa = PBXFileReference; lastKnownFileType = sourcecode.swift; path = TestModel.swift; sourceTree = "<group>"; };
		BCAD92C12733CEF900E0D990 /* TestView.swift */ = {isa = PBXFileReference; lastKnownFileType = sourcecode.swift; path = TestView.swift; sourceTree = "<group>"; };
		BCAD92C82733DF0800E0D990 /* OnTopView.swift */ = {isa = PBXFileReference; lastKnownFileType = sourcecode.swift; path = OnTopView.swift; sourceTree = "<group>"; };
		BCB97BC9271F2EDB00C6F1E8 /* iosApp.app */ = {isa = PBXFileReference; explicitFileType = wrapper.application; includeInIndex = 0; path = iosApp.app; sourceTree = BUILT_PRODUCTS_DIR; };
		BCB97BCC271F2EDB00C6F1E8 /* iosAppApp.swift */ = {isa = PBXFileReference; lastKnownFileType = sourcecode.swift; path = iosAppApp.swift; sourceTree = "<group>"; };
		BCB97BCE271F2EDB00C6F1E8 /* ContentView.swift */ = {isa = PBXFileReference; lastKnownFileType = sourcecode.swift; path = ContentView.swift; sourceTree = "<group>"; };
		BCB97BD0271F2EDC00C6F1E8 /* Assets.xcassets */ = {isa = PBXFileReference; lastKnownFileType = folder.assetcatalog; path = Assets.xcassets; sourceTree = "<group>"; };
		BCB97BD3271F2EDC00C6F1E8 /* Preview Assets.xcassets */ = {isa = PBXFileReference; lastKnownFileType = folder.assetcatalog; path = "Preview Assets.xcassets"; sourceTree = "<group>"; };
		BCEEF738274576A100E99B50 /* SKFrameView.swift */ = {isa = PBXFileReference; fileEncoding = 4; lastKnownFileType = sourcecode.swift; path = SKFrameView.swift; sourceTree = "<group>"; };
		BCEEF739274576A100E99B50 /* SKScreenView.swift */ = {isa = PBXFileReference; fileEncoding = 4; lastKnownFileType = sourcecode.swift; path = SKScreenView.swift; sourceTree = "<group>"; };
		BCEEF73A274576A100E99B50 /* SKStackView.swift */ = {isa = PBXFileReference; fileEncoding = 4; lastKnownFileType = sourcecode.swift; path = SKStackView.swift; sourceTree = "<group>"; };
		BCEEF73C274576A100E99B50 /* CoreViewInjectorImpl.swift */ = {isa = PBXFileReference; fileEncoding = 4; lastKnownFileType = sourcecode.swift; path = CoreViewInjectorImpl.swift; sourceTree = "<group>"; };
		BCEEF73D274576A100E99B50 /* SKComponentView.swift */ = {isa = PBXFileReference; fileEncoding = 4; lastKnownFileType = sourcecode.swift; path = SKComponentView.swift; sourceTree = "<group>"; };
		BCEEF73E274576A100E99B50 /* SKLoaderView.swift */ = {isa = PBXFileReference; fileEncoding = 4; lastKnownFileType = sourcecode.swift; path = SKLoaderView.swift; sourceTree = "<group>"; };
		BCEEF73F274576A100E99B50 /* SKWebView.swift */ = {isa = PBXFileReference; fileEncoding = 4; lastKnownFileType = sourcecode.swift; path = SKWebView.swift; sourceTree = "<group>"; };
		BCEEF740274576A100E99B50 /* SKPagerWithTabsView.swift */ = {isa = PBXFileReference; fileEncoding = 4; lastKnownFileType = sourcecode.swift; path = SKPagerWithTabsView.swift; sourceTree = "<group>"; };
		BCEEF741274576A100E99B50 /* SKBox.swift */ = {isa = PBXFileReference; fileEncoding = 4; lastKnownFileType = sourcecode.swift; path = SKBox.swift; sourceTree = "<group>"; };
		BCEEF742274576A100E99B50 /* SKPagerView.swift */ = {isa = PBXFileReference; fileEncoding = 4; lastKnownFileType = sourcecode.swift; path = SKPagerView.swift; sourceTree = "<group>"; };
		BCEEF744274576A100E99B50 /* SKWindowPopupView.swift */ = {isa = PBXFileReference; fileEncoding = 4; lastKnownFileType = sourcecode.swift; path = SKWindowPopupView.swift; sourceTree = "<group>"; };
		BCEEF745274576A100E99B50 /* SKAlertView.swift */ = {isa = PBXFileReference; fileEncoding = 4; lastKnownFileType = sourcecode.swift; path = SKAlertView.swift; sourceTree = "<group>"; };
		BCEEF746274576A100E99B50 /* SKSnackBarView.swift */ = {isa = PBXFileReference; fileEncoding = 4; lastKnownFileType = sourcecode.swift; path = SKSnackBarView.swift; sourceTree = "<group>"; };
		BCEEF747274576A100E99B50 /* SKBottomSheetView.swift */ = {isa = PBXFileReference; fileEncoding = 4; lastKnownFileType = sourcecode.swift; path = SKBottomSheetView.swift; sourceTree = "<group>"; };
		BCEEF748274576A100E99B50 /* SKListView.swift */ = {isa = PBXFileReference; fileEncoding = 4; lastKnownFileType = sourcecode.swift; path = SKListView.swift; sourceTree = "<group>"; };
		BCEEF74A274576A100E99B50 /* SKComboView.swift */ = {isa = PBXFileReference; fileEncoding = 4; lastKnownFileType = sourcecode.swift; path = SKComboView.swift; sourceTree = "<group>"; };
		BCEEF74B274576A100E99B50 /* SKButtonView.swift */ = {isa = PBXFileReference; fileEncoding = 4; lastKnownFileType = sourcecode.swift; path = SKButtonView.swift; sourceTree = "<group>"; };
		BCEEF74C274576A100E99B50 /* SKSimpleInputView.swift */ = {isa = PBXFileReference; fileEncoding = 4; lastKnownFileType = sourcecode.swift; path = SKSimpleInputView.swift; sourceTree = "<group>"; };
		BCEEF74D274576A100E99B50 /* SKInputWithSuggestions.swift */ = {isa = PBXFileReference; fileEncoding = 4; lastKnownFileType = sourcecode.swift; path = SKInputWithSuggestions.swift; sourceTree = "<group>"; };
		BCEEF74E274576A100E99B50 /* SKInputView.swift */ = {isa = PBXFileReference; fileEncoding = 4; lastKnownFileType = sourcecode.swift; path = SKInputView.swift; sourceTree = "<group>"; };
		BCEEF74F274576A100E99B50 /* SKImageButtonView.swift */ = {isa = PBXFileReference; fileEncoding = 4; lastKnownFileType = sourcecode.swift; path = SKImageButtonView.swift; sourceTree = "<group>"; };
		BCEEF765274576EA00E99B50 /* shared.xcframework */ = {isa = PBXFileReference; lastKnownFileType = wrapper.xcframework; name = shared.xcframework; path = ../shared/frameworks/debug/shared.xcframework; sourceTree = "<group>"; };
/* End PBXFileReference section */

/* Begin PBXFrameworksBuildPhase section */
		BCB97BC6271F2EDB00C6F1E8 /* Frameworks */ = {
			isa = PBXFrameworksBuildPhase;
			buildActionMask = 2147483647;
			files = (
				BCEEF766274576EA00E99B50 /* shared.xcframework in Frameworks */,
			);
			runOnlyForDeploymentPostprocessing = 0;
		};
/* End PBXFrameworksBuildPhase section */

/* Begin PBXGroup section */
		BC68258B27205833004947D0 /* Frameworks */ = {
			isa = PBXGroup;
			children = (
				BCEEF765274576EA00E99B50 /* shared.xcframework */,
			);
			name = Frameworks;
			sourceTree = "<group>";
		};
		BC7FBAA82732D8DD0092F2EC /* screens */ = {
			isa = PBXGroup;
			children = (
				BC91DDBF27352F77004F6366 /* burger */,
				BC7FBAA92732D8EC0092F2EC /* SplashView.swift */,
				BCAD92C82733DF0800E0D990 /* OnTopView.swift */,
			);
			path = screens;
			sourceTree = "<group>";
		};
		BC91DDBF27352F77004F6366 /* burger */ = {
			isa = PBXGroup;
			children = (
				BC91DDC2273530C9004F6366 /* burger_screen */,
				BC91DDC0273530C1004F6366 /* BurgerScreenView.swift */,
			);
			path = burger;
			sourceTree = "<group>";
		};
		BC91DDC2273530C9004F6366 /* burger_screen */ = {
			isa = PBXGroup;
			children = (
				BC91DDC327353918004F6366 /* CatalogItemView.swift */,
			);
			path = burger_screen;
			sourceTree = "<group>";
		};
		BCAD92BE2733CEB300E0D990 /* test */ = {
			isa = PBXGroup;
			children = (
				BCAD92BF2733CEC900E0D990 /* TestModel.swift */,
				BCAD92C12733CEF900E0D990 /* TestView.swift */,
			);
			path = test;
			sourceTree = "<group>";
		};
		BCB97BC0271F2EDB00C6F1E8 = {
			isa = PBXGroup;
			children = (
				BCEEF737274576A100E99B50 /* viewios */,
				BCB97BCB271F2EDB00C6F1E8 /* iosApp */,
				BCB97BCA271F2EDB00C6F1E8 /* Products */,
				BC68258B27205833004947D0 /* Frameworks */,
			);
			sourceTree = "<group>";
		};
		BCB97BCA271F2EDB00C6F1E8 /* Products */ = {
			isa = PBXGroup;
			children = (
				BCB97BC9271F2EDB00C6F1E8 /* iosApp.app */,
			);
			name = Products;
			sourceTree = "<group>";
		};
		BCB97BCB271F2EDB00C6F1E8 /* iosApp */ = {
			isa = PBXGroup;
			children = (
				BCAD92BE2733CEB300E0D990 /* test */,
				BC7FBAA82732D8DD0092F2EC /* screens */,
				BCB97BDA271F2F7C00C6F1E8 /* di */,
				BCB97BCC271F2EDB00C6F1E8 /* iosAppApp.swift */,
				BCB97BCE271F2EDB00C6F1E8 /* ContentView.swift */,
				BCB97BD0271F2EDC00C6F1E8 /* Assets.xcassets */,
				BCB97BD2271F2EDC00C6F1E8 /* Preview Content */,
			);
			path = iosApp;
			sourceTree = "<group>";
		};
		BCB97BD2271F2EDC00C6F1E8 /* Preview Content */ = {
			isa = PBXGroup;
			children = (
				BCB97BD3271F2EDC00C6F1E8 /* Preview Assets.xcassets */,
			);
			path = "Preview Content";
			sourceTree = "<group>";
		};
		BCB97BDA271F2F7C00C6F1E8 /* di */ = {
			isa = PBXGroup;
			children = (
				BC7FBA7C273287B80092F2EC /* ViewInjectorImpl.swift */,
				BC1AB13C274D1A3D0086F320 /* ViewLocator.swift */,
			);
			name = di;
			sourceTree = "<group>";
		};
		BCEEF737274576A100E99B50 /* viewios */ = {
			isa = PBXGroup;
			children = (
				BCEEF738274576A100E99B50 /* SKFrameView.swift */,
				BCEEF739274576A100E99B50 /* SKScreenView.swift */,
				BCEEF73A274576A100E99B50 /* SKStackView.swift */,
				BCEEF73B274576A100E99B50 /* di */,
				BCEEF73D274576A100E99B50 /* SKComponentView.swift */,
				BCEEF73E274576A100E99B50 /* SKLoaderView.swift */,
				BCEEF73F274576A100E99B50 /* SKWebView.swift */,
				BCEEF740274576A100E99B50 /* SKPagerWithTabsView.swift */,
				BCEEF741274576A100E99B50 /* SKBox.swift */,
				BCEEF742274576A100E99B50 /* SKPagerView.swift */,
				BCEEF743274576A100E99B50 /* presented */,
				BCEEF748274576A100E99B50 /* SKListView.swift */,
				BCEEF749274576A100E99B50 /* inputs */,
			);
			path = viewios;
			sourceTree = "<group>";
		};
		BCEEF73B274576A100E99B50 /* di */ = {
			isa = PBXGroup;
			children = (
				BCEEF73C274576A100E99B50 /* CoreViewInjectorImpl.swift */,
			);
			path = di;
			sourceTree = "<group>";
		};
		BCEEF743274576A100E99B50 /* presented */ = {
			isa = PBXGroup;
			children = (
				BCEEF744274576A100E99B50 /* SKWindowPopupView.swift */,
				BCEEF745274576A100E99B50 /* SKAlertView.swift */,
				BCEEF746274576A100E99B50 /* SKSnackBarView.swift */,
				BCEEF747274576A100E99B50 /* SKBottomSheetView.swift */,
			);
			path = presented;
			sourceTree = "<group>";
		};
		BCEEF749274576A100E99B50 /* inputs */ = {
			isa = PBXGroup;
			children = (
				BCEEF74A274576A100E99B50 /* SKComboView.swift */,
				BCEEF74B274576A100E99B50 /* SKButtonView.swift */,
				BCEEF74C274576A100E99B50 /* SKSimpleInputView.swift */,
				BCEEF74D274576A100E99B50 /* SKInputWithSuggestions.swift */,
				BCEEF74E274576A100E99B50 /* SKInputView.swift */,
				BCEEF74F274576A100E99B50 /* SKImageButtonView.swift */,
			);
			path = inputs;
			sourceTree = "<group>";
		};
/* End PBXGroup section */

/* Begin PBXNativeTarget section */
		BCB97BC8271F2EDB00C6F1E8 /* iosApp */ = {
			isa = PBXNativeTarget;
			buildConfigurationList = BCB97BD7271F2EDC00C6F1E8 /* Build configuration list for PBXNativeTarget "iosApp" */;
			buildPhases = (
				BCB97BC5271F2EDB00C6F1E8 /* Sources */,
				BCB97BC6271F2EDB00C6F1E8 /* Frameworks */,
				BCB97BC7271F2EDB00C6F1E8 /* Resources */,
				BC68258F27205833004947D0 /* Embed Frameworks */,
			);
			buildRules = (
			);
			dependencies = (
			);
			name = iosApp;
			productName = iosApp;
			productReference = BCB97BC9271F2EDB00C6F1E8 /* iosApp.app */;
			productType = "com.apple.product-type.application";
		};
/* End PBXNativeTarget section */

/* Begin PBXProject section */
		BCB97BC1271F2EDB00C6F1E8 /* Project object */ = {
			isa = PBXProject;
			attributes = {
				BuildIndependentTargetsInParallel = 1;
				LastSwiftUpdateCheck = 1300;
				LastUpgradeCheck = 1300;
				TargetAttributes = {
					BCB97BC8271F2EDB00C6F1E8 = {
						CreatedOnToolsVersion = 13.0;
					};
				};
			};
			buildConfigurationList = BCB97BC4271F2EDB00C6F1E8 /* Build configuration list for PBXProject "iosApp" */;
			compatibilityVersion = "Xcode 13.0";
			developmentRegion = en;
			hasScannedForEncodings = 0;
			knownRegions = (
				en,
				Base,
			);
			mainGroup = BCB97BC0271F2EDB00C6F1E8;
			productRefGroup = BCB97BCA271F2EDB00C6F1E8 /* Products */;
			projectDirPath = "";
			projectRoot = "";
			targets = (
				BCB97BC8271F2EDB00C6F1E8 /* iosApp */,
			);
		};
/* End PBXProject section */

/* Begin PBXResourcesBuildPhase section */
		BCB97BC7271F2EDB00C6F1E8 /* Resources */ = {
			isa = PBXResourcesBuildPhase;
			buildActionMask = 2147483647;
			files = (
				BCB97BD4271F2EDC00C6F1E8 /* Preview Assets.xcassets in Resources */,
				BCB97BD1271F2EDC00C6F1E8 /* Assets.xcassets in Resources */,
			);
			runOnlyForDeploymentPostprocessing = 0;
		};
/* End PBXResourcesBuildPhase section */

/* Begin PBXSourcesBuildPhase section */
		BCB97BC5271F2EDB00C6F1E8 /* Sources */ = {
			isa = PBXSourcesBuildPhase;
			buildActionMask = 2147483647;
			files = (
				BCEEF761274576A100E99B50 /* SKSimpleInputView.swift in Sources */,
				BC7FBA7D273287B80092F2EC /* ViewInjectorImpl.swift in Sources */,
				BCEEF758274576A100E99B50 /* SKBox.swift in Sources */,
				BCEEF756274576A100E99B50 /* SKWebView.swift in Sources */,
				BCEEF755274576A100E99B50 /* SKLoaderView.swift in Sources */,
				BCEEF75F274576A100E99B50 /* SKComboView.swift in Sources */,
				BC91DDC427353918004F6366 /* CatalogItemView.swift in Sources */,
				BCEEF75C274576A100E99B50 /* SKSnackBarView.swift in Sources */,
				BCEEF763274576A100E99B50 /* SKInputView.swift in Sources */,
				BCEEF759274576A100E99B50 /* SKPagerView.swift in Sources */,
				BCEEF75B274576A100E99B50 /* SKAlertView.swift in Sources */,
				BCEEF75E274576A100E99B50 /* SKListView.swift in Sources */,
				BC7FBAAA2732D8EC0092F2EC /* SplashView.swift in Sources */,
				BCEEF75A274576A100E99B50 /* SKWindowPopupView.swift in Sources */,
				BCEEF764274576A100E99B50 /* SKImageButtonView.swift in Sources */,
				BCAD92C02733CEC900E0D990 /* TestModel.swift in Sources */,
				BC1AB13D274D1A3D0086F320 /* ViewLocator.swift in Sources */,
				BCEEF751274576A100E99B50 /* SKScreenView.swift in Sources */,
				BCB97BCF271F2EDB00C6F1E8 /* ContentView.swift in Sources */,
				BCEEF754274576A100E99B50 /* SKComponentView.swift in Sources */,
				BCEEF757274576A100E99B50 /* SKPagerWithTabsView.swift in Sources */,
				BC91DDC1273530C1004F6366 /* BurgerScreenView.swift in Sources */,
				BCEEF752274576A100E99B50 /* SKStackView.swift in Sources */,
				BCEEF762274576A100E99B50 /* SKInputWithSuggestions.swift in Sources */,
				BCEEF753274576A100E99B50 /* CoreViewInjectorImpl.swift in Sources */,
				BCEEF760274576A100E99B50 /* SKButtonView.swift in Sources */,
				BCAD92C92733DF0800E0D990 /* OnTopView.swift in Sources */,
				BCEEF75D274576A100E99B50 /* SKBottomSheetView.swift in Sources */,
				BCB97BCD271F2EDB00C6F1E8 /* iosAppApp.swift in Sources */,
				BCEEF750274576A100E99B50 /* SKFrameView.swift in Sources */,
				BCAD92C22733CEF900E0D990 /* TestView.swift in Sources */,
			);
			runOnlyForDeploymentPostprocessing = 0;
		};
/* End PBXSourcesBuildPhase section */

/* Begin XCBuildConfiguration section */
		BCB97BD5271F2EDC00C6F1E8 /* Debug */ = {
			isa = XCBuildConfiguration;
			buildSettings = {
				ALWAYS_SEARCH_USER_PATHS = NO;
				CLANG_ANALYZER_NONNULL = YES;
				CLANG_ANALYZER_NUMBER_OBJECT_CONVERSION = YES_AGGRESSIVE;
				CLANG_CXX_LANGUAGE_STANDARD = "gnu++17";
				CLANG_CXX_LIBRARY = "libc++";
				CLANG_ENABLE_MODULES = YES;
				CLANG_ENABLE_OBJC_ARC = YES;
				CLANG_ENABLE_OBJC_WEAK = YES;
				CLANG_WARN_BLOCK_CAPTURE_AUTORELEASING = YES;
				CLANG_WARN_BOOL_CONVERSION = YES;
				CLANG_WARN_COMMA = YES;
				CLANG_WARN_CONSTANT_CONVERSION = YES;
				CLANG_WARN_DEPRECATED_OBJC_IMPLEMENTATIONS = YES;
				CLANG_WARN_DIRECT_OBJC_ISA_USAGE = YES_ERROR;
				CLANG_WARN_DOCUMENTATION_COMMENTS = YES;
				CLANG_WARN_EMPTY_BODY = YES;
				CLANG_WARN_ENUM_CONVERSION = YES;
				CLANG_WARN_INFINITE_RECURSION = YES;
				CLANG_WARN_INT_CONVERSION = YES;
				CLANG_WARN_NON_LITERAL_NULL_CONVERSION = YES;
				CLANG_WARN_OBJC_IMPLICIT_RETAIN_SELF = YES;
				CLANG_WARN_OBJC_LITERAL_CONVERSION = YES;
				CLANG_WARN_OBJC_ROOT_CLASS = YES_ERROR;
				CLANG_WARN_QUOTED_INCLUDE_IN_FRAMEWORK_HEADER = YES;
				CLANG_WARN_RANGE_LOOP_ANALYSIS = YES;
				CLANG_WARN_STRICT_PROTOTYPES = YES;
				CLANG_WARN_SUSPICIOUS_MOVE = YES;
				CLANG_WARN_UNGUARDED_AVAILABILITY = YES_AGGRESSIVE;
				CLANG_WARN_UNREACHABLE_CODE = YES;
				CLANG_WARN__DUPLICATE_METHOD_MATCH = YES;
				COPY_PHASE_STRIP = NO;
				DEBUG_INFORMATION_FORMAT = dwarf;
				ENABLE_STRICT_OBJC_MSGSEND = YES;
				ENABLE_TESTABILITY = YES;
				GCC_C_LANGUAGE_STANDARD = gnu11;
				GCC_DYNAMIC_NO_PIC = NO;
				GCC_NO_COMMON_BLOCKS = YES;
				GCC_OPTIMIZATION_LEVEL = 0;
				GCC_PREPROCESSOR_DEFINITIONS = (
					"DEBUG=1",
					"$(inherited)",
				);
				GCC_WARN_64_TO_32_BIT_CONVERSION = YES;
				GCC_WARN_ABOUT_RETURN_TYPE = YES_ERROR;
				GCC_WARN_UNDECLARED_SELECTOR = YES;
				GCC_WARN_UNINITIALIZED_AUTOS = YES_AGGRESSIVE;
				GCC_WARN_UNUSED_FUNCTION = YES;
				GCC_WARN_UNUSED_VARIABLE = YES;
				IPHONEOS_DEPLOYMENT_TARGET = 15.0;
				MTL_ENABLE_DEBUG_INFO = INCLUDE_SOURCE;
				MTL_FAST_MATH = YES;
				ONLY_ACTIVE_ARCH = YES;
				SDKROOT = iphoneos;
				SWIFT_ACTIVE_COMPILATION_CONDITIONS = DEBUG;
				SWIFT_OPTIMIZATION_LEVEL = "-Onone";
			};
			name = Debug;
		};
		BCB97BD6271F2EDC00C6F1E8 /* Release */ = {
			isa = XCBuildConfiguration;
			buildSettings = {
				ALWAYS_SEARCH_USER_PATHS = NO;
				CLANG_ANALYZER_NONNULL = YES;
				CLANG_ANALYZER_NUMBER_OBJECT_CONVERSION = YES_AGGRESSIVE;
				CLANG_CXX_LANGUAGE_STANDARD = "gnu++17";
				CLANG_CXX_LIBRARY = "libc++";
				CLANG_ENABLE_MODULES = YES;
				CLANG_ENABLE_OBJC_ARC = YES;
				CLANG_ENABLE_OBJC_WEAK = YES;
				CLANG_WARN_BLOCK_CAPTURE_AUTORELEASING = YES;
				CLANG_WARN_BOOL_CONVERSION = YES;
				CLANG_WARN_COMMA = YES;
				CLANG_WARN_CONSTANT_CONVERSION = YES;
				CLANG_WARN_DEPRECATED_OBJC_IMPLEMENTATIONS = YES;
				CLANG_WARN_DIRECT_OBJC_ISA_USAGE = YES_ERROR;
				CLANG_WARN_DOCUMENTATION_COMMENTS = YES;
				CLANG_WARN_EMPTY_BODY = YES;
				CLANG_WARN_ENUM_CONVERSION = YES;
				CLANG_WARN_INFINITE_RECURSION = YES;
				CLANG_WARN_INT_CONVERSION = YES;
				CLANG_WARN_NON_LITERAL_NULL_CONVERSION = YES;
				CLANG_WARN_OBJC_IMPLICIT_RETAIN_SELF = YES;
				CLANG_WARN_OBJC_LITERAL_CONVERSION = YES;
				CLANG_WARN_OBJC_ROOT_CLASS = YES_ERROR;
				CLANG_WARN_QUOTED_INCLUDE_IN_FRAMEWORK_HEADER = YES;
				CLANG_WARN_RANGE_LOOP_ANALYSIS = YES;
				CLANG_WARN_STRICT_PROTOTYPES = YES;
				CLANG_WARN_SUSPICIOUS_MOVE = YES;
				CLANG_WARN_UNGUARDED_AVAILABILITY = YES_AGGRESSIVE;
				CLANG_WARN_UNREACHABLE_CODE = YES;
				CLANG_WARN__DUPLICATE_METHOD_MATCH = YES;
				COPY_PHASE_STRIP = NO;
				DEBUG_INFORMATION_FORMAT = "dwarf-with-dsym";
				ENABLE_NS_ASSERTIONS = NO;
				ENABLE_STRICT_OBJC_MSGSEND = YES;
				GCC_C_LANGUAGE_STANDARD = gnu11;
				GCC_NO_COMMON_BLOCKS = YES;
				GCC_WARN_64_TO_32_BIT_CONVERSION = YES;
				GCC_WARN_ABOUT_RETURN_TYPE = YES_ERROR;
				GCC_WARN_UNDECLARED_SELECTOR = YES;
				GCC_WARN_UNINITIALIZED_AUTOS = YES_AGGRESSIVE;
				GCC_WARN_UNUSED_FUNCTION = YES;
				GCC_WARN_UNUSED_VARIABLE = YES;
				IPHONEOS_DEPLOYMENT_TARGET = 15.0;
				MTL_ENABLE_DEBUG_INFO = NO;
				MTL_FAST_MATH = YES;
				SDKROOT = iphoneos;
				SWIFT_COMPILATION_MODE = wholemodule;
				SWIFT_OPTIMIZATION_LEVEL = "-O";
				VALIDATE_PRODUCT = YES;
			};
			name = Release;
		};
		BCB97BD8271F2EDC00C6F1E8 /* Debug */ = {
			isa = XCBuildConfiguration;
			buildSettings = {
				ASSETCATALOG_COMPILER_APPICON_NAME = AppIcon;
				ASSETCATALOG_COMPILER_GLOBAL_ACCENT_COLOR_NAME = AccentColor;
				CODE_SIGN_STYLE = Automatic;
				CURRENT_PROJECT_VERSION = 1;
				DEVELOPMENT_ASSET_PATHS = "\"iosApp/Preview Content\"";
				DEVELOPMENT_TEAM = B4NUACRUYT;
				ENABLE_PREVIEWS = YES;
				GENERATE_INFOPLIST_FILE = YES;
				INFOPLIST_KEY_UIApplicationSceneManifest_Generation = YES;
				INFOPLIST_KEY_UIApplicationSupportsIndirectInputEvents = YES;
				INFOPLIST_KEY_UILaunchScreen_Generation = YES;
				INFOPLIST_KEY_UISupportedInterfaceOrientations_iPad = "UIInterfaceOrientationPortrait UIInterfaceOrientationPortraitUpsideDown UIInterfaceOrientationLandscapeLeft UIInterfaceOrientationLandscapeRight";
				INFOPLIST_KEY_UISupportedInterfaceOrientations_iPhone = "UIInterfaceOrientationPortrait UIInterfaceOrientationLandscapeLeft UIInterfaceOrientationLandscapeRight";
				IPHONEOS_DEPLOYMENT_TARGET = 14.0;
				LD_RUNPATH_SEARCH_PATHS = (
					"$(inherited)",
					"@executable_path/Frameworks",
				);
				MARKETING_VERSION = 1.0;
				PRODUCT_BUNDLE_IDENTIFIER = tech.skot.demo.iosApp;
				PRODUCT_NAME = "$(TARGET_NAME)";
				SWIFT_EMIT_LOC_STRINGS = YES;
				SWIFT_VERSION = 5.0;
				TARGETED_DEVICE_FAMILY = "1,2";
			};
			name = Debug;
		};
		BCB97BD9271F2EDC00C6F1E8 /* Release */ = {
			isa = XCBuildConfiguration;
			buildSettings = {
				ASSETCATALOG_COMPILER_APPICON_NAME = AppIcon;
				ASSETCATALOG_COMPILER_GLOBAL_ACCENT_COLOR_NAME = AccentColor;
				CODE_SIGN_STYLE = Automatic;
				CURRENT_PROJECT_VERSION = 1;
				DEVELOPMENT_ASSET_PATHS = "\"iosApp/Preview Content\"";
				DEVELOPMENT_TEAM = B4NUACRUYT;
				ENABLE_PREVIEWS = YES;
				GENERATE_INFOPLIST_FILE = YES;
				INFOPLIST_KEY_UIApplicationSceneManifest_Generation = YES;
				INFOPLIST_KEY_UIApplicationSupportsIndirectInputEvents = YES;
				INFOPLIST_KEY_UILaunchScreen_Generation = YES;
				INFOPLIST_KEY_UISupportedInterfaceOrientations_iPad = "UIInterfaceOrientationPortrait UIInterfaceOrientationPortraitUpsideDown UIInterfaceOrientationLandscapeLeft UIInterfaceOrientationLandscapeRight";
				INFOPLIST_KEY_UISupportedInterfaceOrientations_iPhone = "UIInterfaceOrientationPortrait UIInterfaceOrientationLandscapeLeft UIInterfaceOrientationLandscapeRight";
				IPHONEOS_DEPLOYMENT_TARGET = 14.0;
				LD_RUNPATH_SEARCH_PATHS = (
					"$(inherited)",
					"@executable_path/Frameworks",
				);
				MARKETING_VERSION = 1.0;
				PRODUCT_BUNDLE_IDENTIFIER = tech.skot.demo.iosApp;
				PRODUCT_NAME = "$(TARGET_NAME)";
				SWIFT_EMIT_LOC_STRINGS = YES;
				SWIFT_VERSION = 5.0;
				TARGETED_DEVICE_FAMILY = "1,2";
			};
			name = Release;
		};
/* End XCBuildConfiguration section */

/* Begin XCConfigurationList section */
		BCB97BC4271F2EDB00C6F1E8 /* Build configuration list for PBXProject "iosApp" */ = {
			isa = XCConfigurationList;
			buildConfigurations = (
				BCB97BD5271F2EDC00C6F1E8 /* Debug */,
				BCB97BD6271F2EDC00C6F1E8 /* Release */,
			);
			defaultConfigurationIsVisible = 0;
			defaultConfigurationName = Release;
		};
		BCB97BD7271F2EDC00C6F1E8 /* Build configuration list for PBXNativeTarget "iosApp" */ = {
			isa = XCConfigurationList;
			buildConfigurations = (
				BCB97BD8271F2EDC00C6F1E8 /* Debug */,
				BCB97BD9271F2EDC00C6F1E8 /* Release */,
			);
			defaultConfigurationIsVisible = 0;
			defaultConfigurationName = Release;
		};
/* End XCConfigurationList section */
	};
	rootObject = BCB97BC1271F2EDB00C6F1E8 /* Project object */;
}
